
Microsoft Visual Studio Solution File, Format Version 12.00
# Visual Studio Version 16
VisualStudioVersion = 16.0.30406.217
MinimumVisualStudioVersion = 10.0.40219.1
Project("{9A19103F-16F7-4668-BE54-9A1E7A4F7556}") = "ArtGalleryCRM.SupportBot", "ArtGalleryCRM.SupportBot\ArtGalleryCRM.SupportBot.csproj", "{8D3421B5-D825-4162-81EC-3BCDF8A93488}"
EndProject
Global
	GlobalSection(SolutionConfigurationPlatforms) = preSolution
		Debug|Any CPU = Debug|Any CPU
		Debug|ARM = Debug|ARM
		Debug|iPhone = Debug|iPhone
		Debug|iPhoneSimulator = Debug|iPhoneSimulator
		Debug|Mixed Platforms = Debug|Mixed Platforms
		Debug|x64 = Debug|x64
		Debug|x86 = Debug|x86
		Release|Any CPU = Release|Any CPU
		Release|ARM = Release|ARM
		Release|iPhone = Release|iPhone
		Release|iPhoneSimulator = Release|iPhoneSimulator
		Release|Mixed Platforms = Release|Mixed Platforms
		Release|x64 = Release|x64
		Release|x86 = Release|x86
	EndGlobalSection
	GlobalSection(ProjectConfigurationPlatforms) = postSolution
		{8D3421B5-D825-4162-81EC-3BCDF8A93488}.Debug|Any CPU.ActiveCfg = Debug|Any CPU
		{8D3421B5-D825-4162-81EC-3BCDF8A93488}.Debug|Any CPU.Build.0 = Debug|Any CPU
		{8D3421B5-D825-4162-81EC-3BCDF8A93488}.Debug|ARM.ActiveCfg = Debug|Any CPU
		{8D3421B5-D825-4162-81EC-3BCDF8A93488}.Debug|ARM.Build.0 = Debug|Any CPU
		{8D3421B5-D825-4162-81EC-3BCDF8A93488}.Debug|iPhone.ActiveCfg = Debug|Any CPU
		{8D3421B5-D825-4162-81EC-3BCDF8A93488}.Debug|iPhone.Build.0 = Debug|Any CPU
		{8D3421B5-D825-4162-81EC-3BCDF8A93488}.Debug|iPhoneSimulator.ActiveCfg = Debug|Any CPU
		{8D3421B5-D825-4162-81EC-3BCDF8A93488}.Debug|iPhoneSimulator.Build.0 = Debug|Any CPU
		{8D3421B5-D825-4162-81EC-3BCDF8A93488}.Debug|Mixed Platforms.ActiveCfg = Debug|Any CPU
		{8D3421B5-D825-4162-81EC-3BCDF8A93488}.Debug|Mixed Platforms.Build.0 = Debug|Any CPU
		{8D3421B5-D825-4162-81EC-3BCDF8A93488}.Debug|x64.ActiveCfg = Debug|Any CPU
		{8D3421B5-D825-4162-81EC-3BCDF8A93488}.Debug|x64.Build.0 = Debug|Any CPU
		{8D3421B5-D825-4162-81EC-3BCDF8A93488}.Debug|x86.ActiveCfg = Debug|Any CPU
		{8D3421B5-D825-4162-81EC-3BCDF8A93488}.Debug|x86.Build.0 = Debug|Any CPU
		{8D3421B5-D825-4162-81EC-3BCDF8A93488}.Release|Any CPU.ActiveCfg = Release|Any CPU
		{8D3421B5-D825-4162-81EC-3BCDF8A93488}.Release|Any CPU.Build.0 = Release|Any CPU
		{8D3421B5-D825-4162-81EC-3BCDF8A93488}.Release|ARM.ActiveCfg = Release|Any CPU
		{8D3421B5-D825-4162-81EC-3BCDF8A93488}.Release|ARM.Build.0 = Release|Any CPU
		{8D3421B5-D825-4162-81EC-3BCDF8A93488}.Release|iPhone.ActiveCfg = Release|Any CPU
		{8D3421B5-D825-4162-81EC-3BCDF8A93488}.Release|iPhone.Build.0 = Release|Any CPU
		{8D3421B5-D825-4162-81EC-3BCDF8A93488}.Release|iPhoneSimulator.ActiveCfg = Release|Any CPU
		{8D3421B5-D825-4162-81EC-3BCDF8A93488}.Release|iPhoneSimulator.Build.0 = Release|Any CPU
		{8D3421B5-D825-4162-81EC-3BCDF8A93488}.Release|Mixed Platforms.ActiveCfg = Release|Any CPU
		{8D3421B5-D825-4162-81EC-3BCDF8A93488}.Release|Mixed Platforms.Build.0 = Release|Any CPU
		{8D3421B5-D825-4162-81EC-3BCDF8A93488}.Release|x64.ActiveCfg = Release|Any CPU
		{8D3421B5-D825-4162-81EC-3BCDF8A93488}.Release|x64.Build.0 = Release|Any CPU
		{8D3421B5-D825-4162-81EC-3BCDF8A93488}.Release|x86.ActiveCfg = Release|Any CPU
		{8D3421B5-D825-4162-81EC-3BCDF8A93488}.Release|x86.Build.0 = Release|Any CPU
	EndGlobalSection
	GlobalSection(SolutionProperties) = preSolution
		HideSolutionNode = FALSE
	EndGlobalSection
	GlobalSection(ExtensibilityGlobals) = postSolution
		SolutionGuid = {001B1D3F-F586-4A23-A970-608535DEA529}
	EndGlobalSection
EndGlobal
