
Microsoft Visual Studio Solution File, Format Version 12.00
# Visual Studio 15
VisualStudioVersion = 15.0.27703.2026
MinimumVisualStudioVersion = 10.0.40219.1
Project("{FAE04EC0-301F-11D3-BF4B-00C04F79EFBC}") = "ErpApp.iOS", "ErpApp\ErpApp.iOS\ErpApp.iOS.csproj", "{DA425F95-1E12-4566-BA10-A960252BD14E}"
EndProject
Project("{9A19103F-16F7-4668-BE54-9A1E7A4F7556}") = "ErpApp", "ErpApp\ErpApp\ErpApp.csproj", "{CC693F79-0FB6-4433-9EC8-DFE4CB0AF866}"
EndProject
Global
	GlobalSection(SolutionConfigurationPlatforms) = preSolution
		Ad-Hoc|Any CPU = Ad-Hoc|Any CPU
		Ad-Hoc|iPhone = Ad-Hoc|iPhone
		Ad-Hoc|iPhoneSimulator = Ad-Hoc|iPhoneSimulator
		AppStore|Any CPU = AppStore|Any CPU
		AppStore|iPhone = AppStore|iPhone
		AppStore|iPhoneSimulator = AppStore|iPhoneSimulator
		Debug|Any CPU = Debug|Any CPU
		Debug|iPhone = Debug|iPhone
		Debug|iPhoneSimulator = Debug|iPhoneSimulator
		Release|Any CPU = Release|Any CPU
		Release|iPhone = Release|iPhone
		Release|iPhoneSimulator = Release|iPhoneSimulator
	EndGlobalSection
	GlobalSection(ProjectConfigurationPlatforms) = postSolution
		{DA425F95-1E12-4566-BA10-A960252BD14E}.Ad-Hoc|Any CPU.ActiveCfg = Ad-Hoc|iPhone
		{DA425F95-1E12-4566-BA10-A960252BD14E}.Ad-Hoc|Any CPU.Build.0 = Ad-Hoc|iPhone
		{DA425F95-1E12-4566-BA10-A960252BD14E}.Ad-Hoc|Any CPU.Deploy.0 = Ad-Hoc|iPhone
		{DA425F95-1E12-4566-BA10-A960252BD14E}.Ad-Hoc|iPhone.ActiveCfg = Ad-Hoc|iPhone
		{DA425F95-1E12-4566-BA10-A960252BD14E}.Ad-Hoc|iPhone.Build.0 = Ad-Hoc|iPhone
		{DA425F95-1E12-4566-BA10-A960252BD14E}.Ad-Hoc|iPhone.Deploy.0 = Ad-Hoc|iPhone
		{DA425F95-1E12-4566-BA10-A960252BD14E}.Ad-Hoc|iPhoneSimulator.ActiveCfg = Ad-Hoc|iPhoneSimulator
		{DA425F95-1E12-4566-BA10-A960252BD14E}.Ad-Hoc|iPhoneSimulator.Build.0 = Ad-Hoc|iPhoneSimulator
		{DA425F95-1E12-4566-BA10-A960252BD14E}.Ad-Hoc|iPhoneSimulator.Deploy.0 = Ad-Hoc|iPhoneSimulator
		{DA425F95-1E12-4566-BA10-A960252BD14E}.AppStore|Any CPU.ActiveCfg = AppStore|iPhone
		{DA425F95-1E12-4566-BA10-A960252BD14E}.AppStore|Any CPU.Build.0 = AppStore|iPhone
		{DA425F95-1E12-4566-BA10-A960252BD14E}.AppStore|Any CPU.Deploy.0 = AppStore|iPhone
		{DA425F95-1E12-4566-BA10-A960252BD14E}.AppStore|iPhone.ActiveCfg = AppStore|iPhone
		{DA425F95-1E12-4566-BA10-A960252BD14E}.AppStore|iPhone.Build.0 = AppStore|iPhone
		{DA425F95-1E12-4566-BA10-A960252BD14E}.AppStore|iPhone.Deploy.0 = AppStore|iPhone
		{DA425F95-1E12-4566-BA10-A960252BD14E}.AppStore|iPhoneSimulator.ActiveCfg = AppStore|iPhoneSimulator
		{DA425F95-1E12-4566-BA10-A960252BD14E}.AppStore|iPhoneSimulator.Build.0 = AppStore|iPhoneSimulator
		{DA425F95-1E12-4566-BA10-A960252BD14E}.AppStore|iPhoneSimulator.Deploy.0 = AppStore|iPhoneSimulator
		{DA425F95-1E12-4566-BA10-A960252BD14E}.Debug|Any CPU.ActiveCfg = Debug|iPhoneSimulator
		{DA425F95-1E12-4566-BA10-A960252BD14E}.Debug|Any CPU.Build.0 = Debug|iPhoneSimulator
		{DA425F95-1E12-4566-BA10-A960252BD14E}.Debug|Any CPU.Deploy.0 = Debug|iPhoneSimulator
		{DA425F95-1E12-4566-BA10-A960252BD14E}.Debug|iPhone.ActiveCfg = Debug|iPhone
		{DA425F95-1E12-4566-BA10-A960252BD14E}.Debug|iPhone.Build.0 = Debug|iPhone
		{DA425F95-1E12-4566-BA10-A960252BD14E}.Debug|iPhone.Deploy.0 = Debug|iPhone
		{DA425F95-1E12-4566-BA10-A960252BD14E}.Debug|iPhoneSimulator.ActiveCfg = Debug|iPhoneSimulator
		{DA425F95-1E12-4566-BA10-A960252BD14E}.Debug|iPhoneSimulator.Build.0 = Debug|iPhoneSimulator
		{DA425F95-1E12-4566-BA10-A960252BD14E}.Debug|iPhoneSimulator.Deploy.0 = Debug|iPhoneSimulator
		{DA425F95-1E12-4566-BA10-A960252BD14E}.Release|Any CPU.ActiveCfg = Release|iPhone
		{DA425F95-1E12-4566-BA10-A960252BD14E}.Release|Any CPU.Build.0 = Release|iPhone
		{DA425F95-1E12-4566-BA10-A960252BD14E}.Release|Any CPU.Deploy.0 = Release|iPhone
		{DA425F95-1E12-4566-BA10-A960252BD14E}.Release|iPhone.ActiveCfg = Release|iPhone
		{DA425F95-1E12-4566-BA10-A960252BD14E}.Release|iPhone.Build.0 = Release|iPhone
		{DA425F95-1E12-4566-BA10-A960252BD14E}.Release|iPhone.Deploy.0 = Release|iPhone
		{DA425F95-1E12-4566-BA10-A960252BD14E}.Release|iPhoneSimulator.ActiveCfg = Release|iPhoneSimulator
		{DA425F95-1E12-4566-BA10-A960252BD14E}.Release|iPhoneSimulator.Build.0 = Release|iPhoneSimulator
		{DA425F95-1E12-4566-BA10-A960252BD14E}.Release|iPhoneSimulator.Deploy.0 = Release|iPhoneSimulator
		{CC693F79-0FB6-4433-9EC8-DFE4CB0AF866}.Ad-Hoc|Any CPU.ActiveCfg = Debug|Any CPU
		{CC693F79-0FB6-4433-9EC8-DFE4CB0AF866}.Ad-Hoc|Any CPU.Build.0 = Debug|Any CPU
		{CC693F79-0FB6-4433-9EC8-DFE4CB0AF866}.Ad-Hoc|Any CPU.Deploy.0 = Debug|Any CPU
		{CC693F79-0FB6-4433-9EC8-DFE4CB0AF866}.Ad-Hoc|iPhone.ActiveCfg = Debug|Any CPU
		{CC693F79-0FB6-4433-9EC8-DFE4CB0AF866}.Ad-Hoc|iPhone.Build.0 = Debug|Any CPU
		{CC693F79-0FB6-4433-9EC8-DFE4CB0AF866}.Ad-Hoc|iPhone.Deploy.0 = Debug|Any CPU
		{CC693F79-0FB6-4433-9EC8-DFE4CB0AF866}.Ad-Hoc|iPhoneSimulator.ActiveCfg = Debug|Any CPU
		{CC693F79-0FB6-4433-9EC8-DFE4CB0AF866}.Ad-Hoc|iPhoneSimulator.Build.0 = Debug|Any CPU
		{CC693F79-0FB6-4433-9EC8-DFE4CB0AF866}.Ad-Hoc|iPhoneSimulator.Deploy.0 = Debug|Any CPU
		{CC693F79-0FB6-4433-9EC8-DFE4CB0AF866}.AppStore|Any CPU.ActiveCfg = Debug|Any CPU
		{CC693F79-0FB6-4433-9EC8-DFE4CB0AF866}.AppStore|Any CPU.Build.0 = Debug|Any CPU
		{CC693F79-0FB6-4433-9EC8-DFE4CB0AF866}.AppStore|Any CPU.Deploy.0 = Debug|Any CPU
		{CC693F79-0FB6-4433-9EC8-DFE4CB0AF866}.AppStore|iPhone.ActiveCfg = Debug|Any CPU
		{CC693F79-0FB6-4433-9EC8-DFE4CB0AF866}.AppStore|iPhone.Build.0 = Debug|Any CPU
		{CC693F79-0FB6-4433-9EC8-DFE4CB0AF866}.AppStore|iPhone.Deploy.0 = Debug|Any CPU
		{CC693F79-0FB6-4433-9EC8-DFE4CB0AF866}.AppStore|iPhoneSimulator.ActiveCfg = Debug|Any CPU
		{CC693F79-0FB6-4433-9EC8-DFE4CB0AF866}.AppStore|iPhoneSimulator.Build.0 = Debug|Any CPU
		{CC693F79-0FB6-4433-9EC8-DFE4CB0AF866}.AppStore|iPhoneSimulator.Deploy.0 = Debug|Any CPU
		{CC693F79-0FB6-4433-9EC8-DFE4CB0AF866}.Debug|Any CPU.ActiveCfg = Debug|Any CPU
		{CC693F79-0FB6-4433-9EC8-DFE4CB0AF866}.Debug|Any CPU.Build.0 = Debug|Any CPU
		{CC693F79-0FB6-4433-9EC8-DFE4CB0AF866}.Debug|Any CPU.Deploy.0 = Debug|Any CPU
		{CC693F79-0FB6-4433-9EC8-DFE4CB0AF866}.Debug|iPhone.ActiveCfg = Debug|Any CPU
		{CC693F79-0FB6-4433-9EC8-DFE4CB0AF866}.Debug|iPhone.Build.0 = Debug|Any CPU
		{CC693F79-0FB6-4433-9EC8-DFE4CB0AF866}.Debug|iPhone.Deploy.0 = Debug|Any CPU
		{CC693F79-0FB6-4433-9EC8-DFE4CB0AF866}.Debug|iPhoneSimulator.ActiveCfg = Debug|Any CPU
		{CC693F79-0FB6-4433-9EC8-DFE4CB0AF866}.Debug|iPhoneSimulator.Build.0 = Debug|Any CPU
		{CC693F79-0FB6-4433-9EC8-DFE4CB0AF866}.Debug|iPhoneSimulator.Deploy.0 = Debug|Any CPU
		{CC693F79-0FB6-4433-9EC8-DFE4CB0AF866}.Release|Any CPU.ActiveCfg = Release|Any CPU
		{CC693F79-0FB6-4433-9EC8-DFE4CB0AF866}.Release|Any CPU.Build.0 = Release|Any CPU
		{CC693F79-0FB6-4433-9EC8-DFE4CB0AF866}.Release|Any CPU.Deploy.0 = Release|Any CPU
		{CC693F79-0FB6-4433-9EC8-DFE4CB0AF866}.Release|iPhone.ActiveCfg = Release|Any CPU
		{CC693F79-0FB6-4433-9EC8-DFE4CB0AF866}.Release|iPhone.Build.0 = Release|Any CPU
		{CC693F79-0FB6-4433-9EC8-DFE4CB0AF866}.Release|iPhone.Deploy.0 = Release|Any CPU
		{CC693F79-0FB6-4433-9EC8-DFE4CB0AF866}.Release|iPhoneSimulator.ActiveCfg = Release|Any CPU
		{CC693F79-0FB6-4433-9EC8-DFE4CB0AF866}.Release|iPhoneSimulator.Build.0 = Release|Any CPU
		{CC693F79-0FB6-4433-9EC8-DFE4CB0AF866}.Release|iPhoneSimulator.Deploy.0 = Release|Any CPU
	EndGlobalSection
	GlobalSection(SolutionProperties) = preSolution
		HideSolutionNode = FALSE
	EndGlobalSection
	GlobalSection(ExtensibilityGlobals) = postSolution
		SolutionGuid = {D74F230E-6879-43D9-BD24-1BCE1D112C39}
	EndGlobalSection
EndGlobal
