
Microsoft Visual Studio Solution File, Format Version 12.00
# Visual Studio 15
VisualStudioVersion = 15.0.27703.2026
MinimumVisualStudioVersion = 10.0.40219.1
Project("{FAE04EC0-301F-11D3-BF4B-00C04F79EFBC}") = "ErpApp.Android", "ErpApp\ErpApp.Android\ErpApp.Android.csproj", "{C2FB01E9-1EE7-4ED7-A681-24D9FEE0756B}"
EndProject
Project("{FAE04EC0-301F-11D3-BF4B-00C04F79EFBC}") = "ErpApp.iOS", "ErpApp\ErpApp.iOS\ErpApp.iOS.csproj", "{DA425F95-1E12-4566-BA10-A960252BD14E}"
EndProject
Project("{FAE04EC0-301F-11D3-BF4B-00C04F79EFBC}") = "ErpApp.UWP", "ErpApp\ErpApp.UWP\ErpApp.UWP.csproj", "{A4FF2848-F281-4055-AE7D-FD473822010A}"
EndProject
Project("{9A19103F-16F7-4668-BE54-9A1E7A4F7556}") = "ErpApp", "ErpApp\ErpApp\ErpApp.csproj", "{CC693F79-0FB6-4433-9EC8-DFE4CB0AF866}"
EndProject
Global
	GlobalSection(SolutionConfigurationPlatforms) = preSolution
		Ad-Hoc|Any CPU = Ad-Hoc|Any CPU
		Ad-Hoc|ARM = Ad-Hoc|ARM
		Ad-Hoc|iPhone = Ad-Hoc|iPhone
		Ad-Hoc|iPhoneSimulator = Ad-Hoc|iPhoneSimulator
		Ad-Hoc|x64 = Ad-Hoc|x64
		Ad-Hoc|x86 = Ad-Hoc|x86
		AppStore|Any CPU = AppStore|Any CPU
		AppStore|ARM = AppStore|ARM
		AppStore|iPhone = AppStore|iPhone
		AppStore|iPhoneSimulator = AppStore|iPhoneSimulator
		AppStore|x64 = AppStore|x64
		AppStore|x86 = AppStore|x86
		Debug|Any CPU = Debug|Any CPU
		Debug|ARM = Debug|ARM
		Debug|iPhone = Debug|iPhone
		Debug|iPhoneSimulator = Debug|iPhoneSimulator
		Debug|x64 = Debug|x64
		Debug|x86 = Debug|x86
		Release|Any CPU = Release|Any CPU
		Release|ARM = Release|ARM
		Release|iPhone = Release|iPhone
		Release|iPhoneSimulator = Release|iPhoneSimulator
		Release|x64 = Release|x64
		Release|x86 = Release|x86
	EndGlobalSection
	GlobalSection(ProjectConfigurationPlatforms) = postSolution
		{C2FB01E9-1EE7-4ED7-A681-24D9FEE0756B}.Ad-Hoc|Any CPU.ActiveCfg = Release|Any CPU
		{C2FB01E9-1EE7-4ED7-A681-24D9FEE0756B}.Ad-Hoc|Any CPU.Build.0 = Release|Any CPU
		{C2FB01E9-1EE7-4ED7-A681-24D9FEE0756B}.Ad-Hoc|Any CPU.Deploy.0 = Release|Any CPU
		{C2FB01E9-1EE7-4ED7-A681-24D9FEE0756B}.Ad-Hoc|ARM.ActiveCfg = Release|Any CPU
		{C2FB01E9-1EE7-4ED7-A681-24D9FEE0756B}.Ad-Hoc|ARM.Build.0 = Release|Any CPU
		{C2FB01E9-1EE7-4ED7-A681-24D9FEE0756B}.Ad-Hoc|ARM.Deploy.0 = Release|Any CPU
		{C2FB01E9-1EE7-4ED7-A681-24D9FEE0756B}.Ad-Hoc|iPhone.ActiveCfg = Release|Any CPU
		{C2FB01E9-1EE7-4ED7-A681-24D9FEE0756B}.Ad-Hoc|iPhone.Build.0 = Release|Any CPU
		{C2FB01E9-1EE7-4ED7-A681-24D9FEE0756B}.Ad-Hoc|iPhone.Deploy.0 = Release|Any CPU
		{C2FB01E9-1EE7-4ED7-A681-24D9FEE0756B}.Ad-Hoc|iPhoneSimulator.ActiveCfg = Release|Any CPU
		{C2FB01E9-1EE7-4ED7-A681-24D9FEE0756B}.Ad-Hoc|iPhoneSimulator.Build.0 = Release|Any CPU
		{C2FB01E9-1EE7-4ED7-A681-24D9FEE0756B}.Ad-Hoc|iPhoneSimulator.Deploy.0 = Release|Any CPU
		{C2FB01E9-1EE7-4ED7-A681-24D9FEE0756B}.Ad-Hoc|x64.ActiveCfg = Release|Any CPU
		{C2FB01E9-1EE7-4ED7-A681-24D9FEE0756B}.Ad-Hoc|x64.Build.0 = Release|Any CPU
		{C2FB01E9-1EE7-4ED7-A681-24D9FEE0756B}.Ad-Hoc|x64.Deploy.0 = Release|Any CPU
		{C2FB01E9-1EE7-4ED7-A681-24D9FEE0756B}.Ad-Hoc|x86.ActiveCfg = Release|Any CPU
		{C2FB01E9-1EE7-4ED7-A681-24D9FEE0756B}.Ad-Hoc|x86.Build.0 = Release|Any CPU
		{C2FB01E9-1EE7-4ED7-A681-24D9FEE0756B}.Ad-Hoc|x86.Deploy.0 = Release|Any CPU
		{C2FB01E9-1EE7-4ED7-A681-24D9FEE0756B}.AppStore|Any CPU.ActiveCfg = Release|Any CPU
		{C2FB01E9-1EE7-4ED7-A681-24D9FEE0756B}.AppStore|Any CPU.Build.0 = Release|Any CPU
		{C2FB01E9-1EE7-4ED7-A681-24D9FEE0756B}.AppStore|Any CPU.Deploy.0 = Release|Any CPU
		{C2FB01E9-1EE7-4ED7-A681-24D9FEE0756B}.AppStore|ARM.ActiveCfg = Release|Any CPU
		{C2FB01E9-1EE7-4ED7-A681-24D9FEE0756B}.AppStore|ARM.Build.0 = Release|Any CPU
		{C2FB01E9-1EE7-4ED7-A681-24D9FEE0756B}.AppStore|ARM.Deploy.0 = Release|Any CPU
		{C2FB01E9-1EE7-4ED7-A681-24D9FEE0756B}.AppStore|iPhone.ActiveCfg = Release|Any CPU
		{C2FB01E9-1EE7-4ED7-A681-24D9FEE0756B}.AppStore|iPhone.Build.0 = Release|Any CPU
		{C2FB01E9-1EE7-4ED7-A681-24D9FEE0756B}.AppStore|iPhone.Deploy.0 = Release|Any CPU
		{C2FB01E9-1EE7-4ED7-A681-24D9FEE0756B}.AppStore|iPhoneSimulator.ActiveCfg = Release|Any CPU
		{C2FB01E9-1EE7-4ED7-A681-24D9FEE0756B}.AppStore|iPhoneSimulator.Build.0 = Release|Any CPU
		{C2FB01E9-1EE7-4ED7-A681-24D9FEE0756B}.AppStore|iPhoneSimulator.Deploy.0 = Release|Any CPU
		{C2FB01E9-1EE7-4ED7-A681-24D9FEE0756B}.AppStore|x64.ActiveCfg = Release|Any CPU
		{C2FB01E9-1EE7-4ED7-A681-24D9FEE0756B}.AppStore|x64.Build.0 = Release|Any CPU
		{C2FB01E9-1EE7-4ED7-A681-24D9FEE0756B}.AppStore|x64.Deploy.0 = Release|Any CPU
		{C2FB01E9-1EE7-4ED7-A681-24D9FEE0756B}.AppStore|x86.ActiveCfg = Release|Any CPU
		{C2FB01E9-1EE7-4ED7-A681-24D9FEE0756B}.AppStore|x86.Build.0 = Release|Any CPU
		{C2FB01E9-1EE7-4ED7-A681-24D9FEE0756B}.AppStore|x86.Deploy.0 = Release|Any CPU
		{C2FB01E9-1EE7-4ED7-A681-24D9FEE0756B}.Debug|Any CPU.ActiveCfg = Debug|Any CPU
		{C2FB01E9-1EE7-4ED7-A681-24D9FEE0756B}.Debug|Any CPU.Build.0 = Debug|Any CPU
		{C2FB01E9-1EE7-4ED7-A681-24D9FEE0756B}.Debug|Any CPU.Deploy.0 = Debug|Any CPU
		{C2FB01E9-1EE7-4ED7-A681-24D9FEE0756B}.Debug|ARM.ActiveCfg = Debug|Any CPU
		{C2FB01E9-1EE7-4ED7-A681-24D9FEE0756B}.Debug|ARM.Build.0 = Debug|Any CPU
		{C2FB01E9-1EE7-4ED7-A681-24D9FEE0756B}.Debug|ARM.Deploy.0 = Debug|Any CPU
		{C2FB01E9-1EE7-4ED7-A681-24D9FEE0756B}.Debug|iPhone.ActiveCfg = Debug|Any CPU
		{C2FB01E9-1EE7-4ED7-A681-24D9FEE0756B}.Debug|iPhone.Build.0 = Debug|Any CPU
		{C2FB01E9-1EE7-4ED7-A681-24D9FEE0756B}.Debug|iPhone.Deploy.0 = Debug|Any CPU
		{C2FB01E9-1EE7-4ED7-A681-24D9FEE0756B}.Debug|iPhoneSimulator.ActiveCfg = Debug|Any CPU
		{C2FB01E9-1EE7-4ED7-A681-24D9FEE0756B}.Debug|iPhoneSimulator.Build.0 = Debug|Any CPU
		{C2FB01E9-1EE7-4ED7-A681-24D9FEE0756B}.Debug|iPhoneSimulator.Deploy.0 = Debug|Any CPU
		{C2FB01E9-1EE7-4ED7-A681-24D9FEE0756B}.Debug|x64.ActiveCfg = Debug|Any CPU
		{C2FB01E9-1EE7-4ED7-A681-24D9FEE0756B}.Debug|x64.Build.0 = Debug|Any CPU
		{C2FB01E9-1EE7-4ED7-A681-24D9FEE0756B}.Debug|x64.Deploy.0 = Debug|Any CPU
		{C2FB01E9-1EE7-4ED7-A681-24D9FEE0756B}.Debug|x86.ActiveCfg = Debug|Any CPU
		{C2FB01E9-1EE7-4ED7-A681-24D9FEE0756B}.Debug|x86.Build.0 = Debug|Any CPU
		{C2FB01E9-1EE7-4ED7-A681-24D9FEE0756B}.Debug|x86.Deploy.0 = Debug|Any CPU
		{C2FB01E9-1EE7-4ED7-A681-24D9FEE0756B}.Release|Any CPU.ActiveCfg = Release|Any CPU
		{C2FB01E9-1EE7-4ED7-A681-24D9FEE0756B}.Release|Any CPU.Build.0 = Release|Any CPU
		{C2FB01E9-1EE7-4ED7-A681-24D9FEE0756B}.Release|Any CPU.Deploy.0 = Release|Any CPU
		{C2FB01E9-1EE7-4ED7-A681-24D9FEE0756B}.Release|ARM.ActiveCfg = Release|Any CPU
		{C2FB01E9-1EE7-4ED7-A681-24D9FEE0756B}.Release|ARM.Build.0 = Release|Any CPU
		{C2FB01E9-1EE7-4ED7-A681-24D9FEE0756B}.Release|ARM.Deploy.0 = Release|Any CPU
		{C2FB01E9-1EE7-4ED7-A681-24D9FEE0756B}.Release|iPhone.ActiveCfg = Release|Any CPU
		{C2FB01E9-1EE7-4ED7-A681-24D9FEE0756B}.Release|iPhone.Build.0 = Release|Any CPU
		{C2FB01E9-1EE7-4ED7-A681-24D9FEE0756B}.Release|iPhone.Deploy.0 = Release|Any CPU
		{C2FB01E9-1EE7-4ED7-A681-24D9FEE0756B}.Release|iPhoneSimulator.ActiveCfg = Release|Any CPU
		{C2FB01E9-1EE7-4ED7-A681-24D9FEE0756B}.Release|iPhoneSimulator.Build.0 = Release|Any CPU
		{C2FB01E9-1EE7-4ED7-A681-24D9FEE0756B}.Release|iPhoneSimulator.Deploy.0 = Release|Any CPU
		{C2FB01E9-1EE7-4ED7-A681-24D9FEE0756B}.Release|x64.ActiveCfg = Release|Any CPU
		{C2FB01E9-1EE7-4ED7-A681-24D9FEE0756B}.Release|x64.Build.0 = Release|Any CPU
		{C2FB01E9-1EE7-4ED7-A681-24D9FEE0756B}.Release|x64.Deploy.0 = Release|Any CPU
		{C2FB01E9-1EE7-4ED7-A681-24D9FEE0756B}.Release|x86.ActiveCfg = Release|Any CPU
		{C2FB01E9-1EE7-4ED7-A681-24D9FEE0756B}.Release|x86.Build.0 = Release|Any CPU
		{C2FB01E9-1EE7-4ED7-A681-24D9FEE0756B}.Release|x86.Deploy.0 = Release|Any CPU
		{DA425F95-1E12-4566-BA10-A960252BD14E}.Ad-Hoc|Any CPU.ActiveCfg = Ad-Hoc|iPhone
		{DA425F95-1E12-4566-BA10-A960252BD14E}.Ad-Hoc|Any CPU.Build.0 = Ad-Hoc|iPhone
		{DA425F95-1E12-4566-BA10-A960252BD14E}.Ad-Hoc|Any CPU.Deploy.0 = Ad-Hoc|iPhone
		{DA425F95-1E12-4566-BA10-A960252BD14E}.Ad-Hoc|ARM.ActiveCfg = Ad-Hoc|iPhone
		{DA425F95-1E12-4566-BA10-A960252BD14E}.Ad-Hoc|ARM.Build.0 = Ad-Hoc|iPhone
		{DA425F95-1E12-4566-BA10-A960252BD14E}.Ad-Hoc|ARM.Deploy.0 = Ad-Hoc|iPhone
		{DA425F95-1E12-4566-BA10-A960252BD14E}.Ad-Hoc|iPhone.ActiveCfg = Ad-Hoc|iPhone
		{DA425F95-1E12-4566-BA10-A960252BD14E}.Ad-Hoc|iPhone.Build.0 = Ad-Hoc|iPhone
		{DA425F95-1E12-4566-BA10-A960252BD14E}.Ad-Hoc|iPhone.Deploy.0 = Ad-Hoc|iPhone
		{DA425F95-1E12-4566-BA10-A960252BD14E}.Ad-Hoc|iPhoneSimulator.ActiveCfg = Ad-Hoc|iPhoneSimulator
		{DA425F95-1E12-4566-BA10-A960252BD14E}.Ad-Hoc|iPhoneSimulator.Build.0 = Ad-Hoc|iPhoneSimulator
		{DA425F95-1E12-4566-BA10-A960252BD14E}.Ad-Hoc|iPhoneSimulator.Deploy.0 = Ad-Hoc|iPhoneSimulator
		{DA425F95-1E12-4566-BA10-A960252BD14E}.Ad-Hoc|x64.ActiveCfg = Ad-Hoc|iPhone
		{DA425F95-1E12-4566-BA10-A960252BD14E}.Ad-Hoc|x64.Build.0 = Ad-Hoc|iPhone
		{DA425F95-1E12-4566-BA10-A960252BD14E}.Ad-Hoc|x64.Deploy.0 = Ad-Hoc|iPhone
		{DA425F95-1E12-4566-BA10-A960252BD14E}.Ad-Hoc|x86.ActiveCfg = Ad-Hoc|iPhone
		{DA425F95-1E12-4566-BA10-A960252BD14E}.Ad-Hoc|x86.Build.0 = Ad-Hoc|iPhone
		{DA425F95-1E12-4566-BA10-A960252BD14E}.Ad-Hoc|x86.Deploy.0 = Ad-Hoc|iPhone
		{DA425F95-1E12-4566-BA10-A960252BD14E}.AppStore|Any CPU.ActiveCfg = AppStore|iPhone
		{DA425F95-1E12-4566-BA10-A960252BD14E}.AppStore|Any CPU.Build.0 = AppStore|iPhone
		{DA425F95-1E12-4566-BA10-A960252BD14E}.AppStore|Any CPU.Deploy.0 = AppStore|iPhone
		{DA425F95-1E12-4566-BA10-A960252BD14E}.AppStore|ARM.ActiveCfg = AppStore|iPhone
		{DA425F95-1E12-4566-BA10-A960252BD14E}.AppStore|ARM.Build.0 = AppStore|iPhone
		{DA425F95-1E12-4566-BA10-A960252BD14E}.AppStore|ARM.Deploy.0 = AppStore|iPhone
		{DA425F95-1E12-4566-BA10-A960252BD14E}.AppStore|iPhone.ActiveCfg = AppStore|iPhone
		{DA425F95-1E12-4566-BA10-A960252BD14E}.AppStore|iPhone.Build.0 = AppStore|iPhone
		{DA425F95-1E12-4566-BA10-A960252BD14E}.AppStore|iPhone.Deploy.0 = AppStore|iPhone
		{DA425F95-1E12-4566-BA10-A960252BD14E}.AppStore|iPhoneSimulator.ActiveCfg = AppStore|iPhoneSimulator
		{DA425F95-1E12-4566-BA10-A960252BD14E}.AppStore|iPhoneSimulator.Build.0 = AppStore|iPhoneSimulator
		{DA425F95-1E12-4566-BA10-A960252BD14E}.AppStore|iPhoneSimulator.Deploy.0 = AppStore|iPhoneSimulator
		{DA425F95-1E12-4566-BA10-A960252BD14E}.AppStore|x64.ActiveCfg = AppStore|iPhone
		{DA425F95-1E12-4566-BA10-A960252BD14E}.AppStore|x64.Build.0 = AppStore|iPhone
		{DA425F95-1E12-4566-BA10-A960252BD14E}.AppStore|x64.Deploy.0 = AppStore|iPhone
		{DA425F95-1E12-4566-BA10-A960252BD14E}.AppStore|x86.ActiveCfg = AppStore|iPhone
		{DA425F95-1E12-4566-BA10-A960252BD14E}.AppStore|x86.Build.0 = AppStore|iPhone
		{DA425F95-1E12-4566-BA10-A960252BD14E}.AppStore|x86.Deploy.0 = AppStore|iPhone
		{DA425F95-1E12-4566-BA10-A960252BD14E}.Debug|Any CPU.ActiveCfg = Debug|iPhoneSimulator
		{DA425F95-1E12-4566-BA10-A960252BD14E}.Debug|Any CPU.Build.0 = Debug|iPhoneSimulator
		{DA425F95-1E12-4566-BA10-A960252BD14E}.Debug|Any CPU.Deploy.0 = Debug|iPhoneSimulator
		{DA425F95-1E12-4566-BA10-A960252BD14E}.Debug|ARM.ActiveCfg = Debug|iPhone
		{DA425F95-1E12-4566-BA10-A960252BD14E}.Debug|ARM.Build.0 = Debug|iPhone
		{DA425F95-1E12-4566-BA10-A960252BD14E}.Debug|ARM.Deploy.0 = Debug|iPhone
		{DA425F95-1E12-4566-BA10-A960252BD14E}.Debug|iPhone.ActiveCfg = Debug|iPhone
		{DA425F95-1E12-4566-BA10-A960252BD14E}.Debug|iPhone.Build.0 = Debug|iPhone
		{DA425F95-1E12-4566-BA10-A960252BD14E}.Debug|iPhone.Deploy.0 = Debug|iPhone
		{DA425F95-1E12-4566-BA10-A960252BD14E}.Debug|iPhoneSimulator.ActiveCfg = Debug|iPhoneSimulator
		{DA425F95-1E12-4566-BA10-A960252BD14E}.Debug|iPhoneSimulator.Build.0 = Debug|iPhoneSimulator
		{DA425F95-1E12-4566-BA10-A960252BD14E}.Debug|iPhoneSimulator.Deploy.0 = Debug|iPhoneSimulator
		{DA425F95-1E12-4566-BA10-A960252BD14E}.Debug|x64.ActiveCfg = Debug|iPhone
		{DA425F95-1E12-4566-BA10-A960252BD14E}.Debug|x64.Build.0 = Debug|iPhone
		{DA425F95-1E12-4566-BA10-A960252BD14E}.Debug|x64.Deploy.0 = Debug|iPhone
		{DA425F95-1E12-4566-BA10-A960252BD14E}.Debug|x86.ActiveCfg = Debug|iPhone
		{DA425F95-1E12-4566-BA10-A960252BD14E}.Debug|x86.Build.0 = Debug|iPhone
		{DA425F95-1E12-4566-BA10-A960252BD14E}.Debug|x86.Deploy.0 = Debug|iPhone
		{DA425F95-1E12-4566-BA10-A960252BD14E}.Release|Any CPU.ActiveCfg = Release|iPhone
		{DA425F95-1E12-4566-BA10-A960252BD14E}.Release|Any CPU.Build.0 = Release|iPhone
		{DA425F95-1E12-4566-BA10-A960252BD14E}.Release|Any CPU.Deploy.0 = Release|iPhone
		{DA425F95-1E12-4566-BA10-A960252BD14E}.Release|ARM.ActiveCfg = Release|iPhone
		{DA425F95-1E12-4566-BA10-A960252BD14E}.Release|ARM.Build.0 = Release|iPhone
		{DA425F95-1E12-4566-BA10-A960252BD14E}.Release|ARM.Deploy.0 = Release|iPhone
		{DA425F95-1E12-4566-BA10-A960252BD14E}.Release|iPhone.ActiveCfg = Release|iPhone
		{DA425F95-1E12-4566-BA10-A960252BD14E}.Release|iPhone.Build.0 = Release|iPhone
		{DA425F95-1E12-4566-BA10-A960252BD14E}.Release|iPhone.Deploy.0 = Release|iPhone
		{DA425F95-1E12-4566-BA10-A960252BD14E}.Release|iPhoneSimulator.ActiveCfg = Release|iPhoneSimulator
		{DA425F95-1E12-4566-BA10-A960252BD14E}.Release|iPhoneSimulator.Build.0 = Release|iPhoneSimulator
		{DA425F95-1E12-4566-BA10-A960252BD14E}.Release|iPhoneSimulator.Deploy.0 = Release|iPhoneSimulator
		{DA425F95-1E12-4566-BA10-A960252BD14E}.Release|x64.ActiveCfg = Release|iPhone
		{DA425F95-1E12-4566-BA10-A960252BD14E}.Release|x64.Build.0 = Release|iPhone
		{DA425F95-1E12-4566-BA10-A960252BD14E}.Release|x64.Deploy.0 = Release|iPhone
		{DA425F95-1E12-4566-BA10-A960252BD14E}.Release|x86.ActiveCfg = Release|iPhone
		{DA425F95-1E12-4566-BA10-A960252BD14E}.Release|x86.Build.0 = Release|iPhone
		{DA425F95-1E12-4566-BA10-A960252BD14E}.Release|x86.Deploy.0 = Release|iPhone
		{A4FF2848-F281-4055-AE7D-FD473822010A}.Ad-Hoc|Any CPU.ActiveCfg = Release|x86
		{A4FF2848-F281-4055-AE7D-FD473822010A}.Ad-Hoc|Any CPU.Build.0 = Release|x86
		{A4FF2848-F281-4055-AE7D-FD473822010A}.Ad-Hoc|Any CPU.Deploy.0 = Release|x86
		{A4FF2848-F281-4055-AE7D-FD473822010A}.Ad-Hoc|ARM.ActiveCfg = Release|ARM
		{A4FF2848-F281-4055-AE7D-FD473822010A}.Ad-Hoc|ARM.Build.0 = Release|ARM
		{A4FF2848-F281-4055-AE7D-FD473822010A}.Ad-Hoc|ARM.Deploy.0 = Release|ARM
		{A4FF2848-F281-4055-AE7D-FD473822010A}.Ad-Hoc|iPhone.ActiveCfg = Release|x86
		{A4FF2848-F281-4055-AE7D-FD473822010A}.Ad-Hoc|iPhone.Build.0 = Release|x86
		{A4FF2848-F281-4055-AE7D-FD473822010A}.Ad-Hoc|iPhone.Deploy.0 = Release|x86
		{A4FF2848-F281-4055-AE7D-FD473822010A}.Ad-Hoc|iPhoneSimulator.ActiveCfg = Release|x86
		{A4FF2848-F281-4055-AE7D-FD473822010A}.Ad-Hoc|iPhoneSimulator.Build.0 = Release|x86
		{A4FF2848-F281-4055-AE7D-FD473822010A}.Ad-Hoc|iPhoneSimulator.Deploy.0 = Release|x86
		{A4FF2848-F281-4055-AE7D-FD473822010A}.Ad-Hoc|x64.ActiveCfg = Release|x64
		{A4FF2848-F281-4055-AE7D-FD473822010A}.Ad-Hoc|x64.Build.0 = Release|x64
		{A4FF2848-F281-4055-AE7D-FD473822010A}.Ad-Hoc|x64.Deploy.0 = Release|x64
		{A4FF2848-F281-4055-AE7D-FD473822010A}.Ad-Hoc|x86.ActiveCfg = Release|x86
		{A4FF2848-F281-4055-AE7D-FD473822010A}.Ad-Hoc|x86.Build.0 = Release|x86
		{A4FF2848-F281-4055-AE7D-FD473822010A}.Ad-Hoc|x86.Deploy.0 = Release|x86
		{A4FF2848-F281-4055-AE7D-FD473822010A}.AppStore|Any CPU.ActiveCfg = AppStore|x86
		{A4FF2848-F281-4055-AE7D-FD473822010A}.AppStore|Any CPU.Build.0 = AppStore|x86
		{A4FF2848-F281-4055-AE7D-FD473822010A}.AppStore|Any CPU.Deploy.0 = AppStore|x86
		{A4FF2848-F281-4055-AE7D-FD473822010A}.AppStore|ARM.ActiveCfg = Release|ARM
		{A4FF2848-F281-4055-AE7D-FD473822010A}.AppStore|ARM.Build.0 = Release|ARM
		{A4FF2848-F281-4055-AE7D-FD473822010A}.AppStore|ARM.Deploy.0 = Release|ARM
		{A4FF2848-F281-4055-AE7D-FD473822010A}.AppStore|iPhone.ActiveCfg = Release|x86
		{A4FF2848-F281-4055-AE7D-FD473822010A}.AppStore|iPhone.Build.0 = Release|x86
		{A4FF2848-F281-4055-AE7D-FD473822010A}.AppStore|iPhone.Deploy.0 = Release|x86
		{A4FF2848-F281-4055-AE7D-FD473822010A}.AppStore|iPhoneSimulator.ActiveCfg = Release|x86
		{A4FF2848-F281-4055-AE7D-FD473822010A}.AppStore|iPhoneSimulator.Build.0 = Release|x86
		{A4FF2848-F281-4055-AE7D-FD473822010A}.AppStore|iPhoneSimulator.Deploy.0 = Release|x86
		{A4FF2848-F281-4055-AE7D-FD473822010A}.AppStore|x64.ActiveCfg = Release|x64
		{A4FF2848-F281-4055-AE7D-FD473822010A}.AppStore|x64.Build.0 = Release|x64
		{A4FF2848-F281-4055-AE7D-FD473822010A}.AppStore|x64.Deploy.0 = Release|x64
		{A4FF2848-F281-4055-AE7D-FD473822010A}.AppStore|x86.ActiveCfg = AppStore|x86
		{A4FF2848-F281-4055-AE7D-FD473822010A}.AppStore|x86.Build.0 = AppStore|x86
		{A4FF2848-F281-4055-AE7D-FD473822010A}.AppStore|x86.Deploy.0 = AppStore|x86
		{A4FF2848-F281-4055-AE7D-FD473822010A}.Debug|Any CPU.ActiveCfg = Debug|x86
		{A4FF2848-F281-4055-AE7D-FD473822010A}.Debug|Any CPU.Build.0 = Debug|x86
		{A4FF2848-F281-4055-AE7D-FD473822010A}.Debug|Any CPU.Deploy.0 = Debug|x86
		{A4FF2848-F281-4055-AE7D-FD473822010A}.Debug|ARM.ActiveCfg = Debug|ARM
		{A4FF2848-F281-4055-AE7D-FD473822010A}.Debug|ARM.Build.0 = Debug|ARM
		{A4FF2848-F281-4055-AE7D-FD473822010A}.Debug|ARM.Deploy.0 = Debug|ARM
		{A4FF2848-F281-4055-AE7D-FD473822010A}.Debug|iPhone.ActiveCfg = Debug|x86
		{A4FF2848-F281-4055-AE7D-FD473822010A}.Debug|iPhone.Build.0 = Debug|x86
		{A4FF2848-F281-4055-AE7D-FD473822010A}.Debug|iPhone.Deploy.0 = Debug|x86
		{A4FF2848-F281-4055-AE7D-FD473822010A}.Debug|iPhoneSimulator.ActiveCfg = Debug|x86
		{A4FF2848-F281-4055-AE7D-FD473822010A}.Debug|iPhoneSimulator.Build.0 = Debug|x86
		{A4FF2848-F281-4055-AE7D-FD473822010A}.Debug|iPhoneSimulator.Deploy.0 = Debug|x86
		{A4FF2848-F281-4055-AE7D-FD473822010A}.Debug|x64.ActiveCfg = Debug|x64
		{A4FF2848-F281-4055-AE7D-FD473822010A}.Debug|x64.Build.0 = Debug|x64
		{A4FF2848-F281-4055-AE7D-FD473822010A}.Debug|x64.Deploy.0 = Debug|x64
		{A4FF2848-F281-4055-AE7D-FD473822010A}.Debug|x86.ActiveCfg = Debug|x86
		{A4FF2848-F281-4055-AE7D-FD473822010A}.Debug|x86.Build.0 = Debug|x86
		{A4FF2848-F281-4055-AE7D-FD473822010A}.Debug|x86.Deploy.0 = Debug|x86
		{A4FF2848-F281-4055-AE7D-FD473822010A}.Release|Any CPU.ActiveCfg = Release|x86
		{A4FF2848-F281-4055-AE7D-FD473822010A}.Release|Any CPU.Build.0 = Release|x86
		{A4FF2848-F281-4055-AE7D-FD473822010A}.Release|Any CPU.Deploy.0 = Release|x86
		{A4FF2848-F281-4055-AE7D-FD473822010A}.Release|ARM.ActiveCfg = Release|ARM
		{A4FF2848-F281-4055-AE7D-FD473822010A}.Release|ARM.Build.0 = Release|ARM
		{A4FF2848-F281-4055-AE7D-FD473822010A}.Release|ARM.Deploy.0 = Release|ARM
		{A4FF2848-F281-4055-AE7D-FD473822010A}.Release|iPhone.ActiveCfg = Release|x86
		{A4FF2848-F281-4055-AE7D-FD473822010A}.Release|iPhone.Build.0 = Release|x86
		{A4FF2848-F281-4055-AE7D-FD473822010A}.Release|iPhone.Deploy.0 = Release|x86
		{A4FF2848-F281-4055-AE7D-FD473822010A}.Release|iPhoneSimulator.ActiveCfg = Release|x86
		{A4FF2848-F281-4055-AE7D-FD473822010A}.Release|iPhoneSimulator.Build.0 = Release|x86
		{A4FF2848-F281-4055-AE7D-FD473822010A}.Release|iPhoneSimulator.Deploy.0 = Release|x86
		{A4FF2848-F281-4055-AE7D-FD473822010A}.Release|x64.ActiveCfg = Release|x64
		{A4FF2848-F281-4055-AE7D-FD473822010A}.Release|x64.Build.0 = Release|x64
		{A4FF2848-F281-4055-AE7D-FD473822010A}.Release|x64.Deploy.0 = Release|x64
		{A4FF2848-F281-4055-AE7D-FD473822010A}.Release|x86.ActiveCfg = Release|x86
		{A4FF2848-F281-4055-AE7D-FD473822010A}.Release|x86.Build.0 = Release|x86
		{A4FF2848-F281-4055-AE7D-FD473822010A}.Release|x86.Deploy.0 = Release|x86
		{CC693F79-0FB6-4433-9EC8-DFE4CB0AF866}.Ad-Hoc|Any CPU.ActiveCfg = Debug|Any CPU
		{CC693F79-0FB6-4433-9EC8-DFE4CB0AF866}.Ad-Hoc|Any CPU.Build.0 = Debug|Any CPU
		{CC693F79-0FB6-4433-9EC8-DFE4CB0AF866}.Ad-Hoc|Any CPU.Deploy.0 = Debug|Any CPU
		{CC693F79-0FB6-4433-9EC8-DFE4CB0AF866}.Ad-Hoc|ARM.ActiveCfg = Debug|Any CPU
		{CC693F79-0FB6-4433-9EC8-DFE4CB0AF866}.Ad-Hoc|ARM.Build.0 = Debug|Any CPU
		{CC693F79-0FB6-4433-9EC8-DFE4CB0AF866}.Ad-Hoc|ARM.Deploy.0 = Debug|Any CPU
		{CC693F79-0FB6-4433-9EC8-DFE4CB0AF866}.Ad-Hoc|iPhone.ActiveCfg = Debug|Any CPU
		{CC693F79-0FB6-4433-9EC8-DFE4CB0AF866}.Ad-Hoc|iPhone.Build.0 = Debug|Any CPU
		{CC693F79-0FB6-4433-9EC8-DFE4CB0AF866}.Ad-Hoc|iPhone.Deploy.0 = Debug|Any CPU
		{CC693F79-0FB6-4433-9EC8-DFE4CB0AF866}.Ad-Hoc|iPhoneSimulator.ActiveCfg = Debug|Any CPU
		{CC693F79-0FB6-4433-9EC8-DFE4CB0AF866}.Ad-Hoc|iPhoneSimulator.Build.0 = Debug|Any CPU
		{CC693F79-0FB6-4433-9EC8-DFE4CB0AF866}.Ad-Hoc|iPhoneSimulator.Deploy.0 = Debug|Any CPU
		{CC693F79-0FB6-4433-9EC8-DFE4CB0AF866}.Ad-Hoc|x64.ActiveCfg = Debug|Any CPU
		{CC693F79-0FB6-4433-9EC8-DFE4CB0AF866}.Ad-Hoc|x64.Build.0 = Debug|Any CPU
		{CC693F79-0FB6-4433-9EC8-DFE4CB0AF866}.Ad-Hoc|x64.Deploy.0 = Debug|Any CPU
		{CC693F79-0FB6-4433-9EC8-DFE4CB0AF866}.Ad-Hoc|x86.ActiveCfg = Debug|Any CPU
		{CC693F79-0FB6-4433-9EC8-DFE4CB0AF866}.Ad-Hoc|x86.Build.0 = Debug|Any CPU
		{CC693F79-0FB6-4433-9EC8-DFE4CB0AF866}.Ad-Hoc|x86.Deploy.0 = Debug|Any CPU
		{CC693F79-0FB6-4433-9EC8-DFE4CB0AF866}.AppStore|Any CPU.ActiveCfg = Debug|Any CPU
		{CC693F79-0FB6-4433-9EC8-DFE4CB0AF866}.AppStore|Any CPU.Build.0 = Debug|Any CPU
		{CC693F79-0FB6-4433-9EC8-DFE4CB0AF866}.AppStore|Any CPU.Deploy.0 = Debug|Any CPU
		{CC693F79-0FB6-4433-9EC8-DFE4CB0AF866}.AppStore|ARM.ActiveCfg = Debug|Any CPU
		{CC693F79-0FB6-4433-9EC8-DFE4CB0AF866}.AppStore|ARM.Build.0 = Debug|Any CPU
		{CC693F79-0FB6-4433-9EC8-DFE4CB0AF866}.AppStore|ARM.Deploy.0 = Debug|Any CPU
		{CC693F79-0FB6-4433-9EC8-DFE4CB0AF866}.AppStore|iPhone.ActiveCfg = Debug|Any CPU
		{CC693F79-0FB6-4433-9EC8-DFE4CB0AF866}.AppStore|iPhone.Build.0 = Debug|Any CPU
		{CC693F79-0FB6-4433-9EC8-DFE4CB0AF866}.AppStore|iPhone.Deploy.0 = Debug|Any CPU
		{CC693F79-0FB6-4433-9EC8-DFE4CB0AF866}.AppStore|iPhoneSimulator.ActiveCfg = Debug|Any CPU
		{CC693F79-0FB6-4433-9EC8-DFE4CB0AF866}.AppStore|iPhoneSimulator.Build.0 = Debug|Any CPU
		{CC693F79-0FB6-4433-9EC8-DFE4CB0AF866}.AppStore|iPhoneSimulator.Deploy.0 = Debug|Any CPU
		{CC693F79-0FB6-4433-9EC8-DFE4CB0AF866}.AppStore|x64.ActiveCfg = Debug|Any CPU
		{CC693F79-0FB6-4433-9EC8-DFE4CB0AF866}.AppStore|x64.Build.0 = Debug|Any CPU
		{CC693F79-0FB6-4433-9EC8-DFE4CB0AF866}.AppStore|x64.Deploy.0 = Debug|Any CPU
		{CC693F79-0FB6-4433-9EC8-DFE4CB0AF866}.AppStore|x86.ActiveCfg = Debug|Any CPU
		{CC693F79-0FB6-4433-9EC8-DFE4CB0AF866}.AppStore|x86.Build.0 = Debug|Any CPU
		{CC693F79-0FB6-4433-9EC8-DFE4CB0AF866}.AppStore|x86.Deploy.0 = Debug|Any CPU
		{CC693F79-0FB6-4433-9EC8-DFE4CB0AF866}.Debug|Any CPU.ActiveCfg = Debug|Any CPU
		{CC693F79-0FB6-4433-9EC8-DFE4CB0AF866}.Debug|Any CPU.Build.0 = Debug|Any CPU
		{CC693F79-0FB6-4433-9EC8-DFE4CB0AF866}.Debug|Any CPU.Deploy.0 = Debug|Any CPU
		{CC693F79-0FB6-4433-9EC8-DFE4CB0AF866}.Debug|ARM.ActiveCfg = Debug|Any CPU
		{CC693F79-0FB6-4433-9EC8-DFE4CB0AF866}.Debug|ARM.Build.0 = Debug|Any CPU
		{CC693F79-0FB6-4433-9EC8-DFE4CB0AF866}.Debug|ARM.Deploy.0 = Debug|Any CPU
		{CC693F79-0FB6-4433-9EC8-DFE4CB0AF866}.Debug|iPhone.ActiveCfg = Debug|Any CPU
		{CC693F79-0FB6-4433-9EC8-DFE4CB0AF866}.Debug|iPhone.Build.0 = Debug|Any CPU
		{CC693F79-0FB6-4433-9EC8-DFE4CB0AF866}.Debug|iPhone.Deploy.0 = Debug|Any CPU
		{CC693F79-0FB6-4433-9EC8-DFE4CB0AF866}.Debug|iPhoneSimulator.ActiveCfg = Debug|Any CPU
		{CC693F79-0FB6-4433-9EC8-DFE4CB0AF866}.Debug|iPhoneSimulator.Build.0 = Debug|Any CPU
		{CC693F79-0FB6-4433-9EC8-DFE4CB0AF866}.Debug|iPhoneSimulator.Deploy.0 = Debug|Any CPU
		{CC693F79-0FB6-4433-9EC8-DFE4CB0AF866}.Debug|x64.ActiveCfg = Debug|Any CPU
		{CC693F79-0FB6-4433-9EC8-DFE4CB0AF866}.Debug|x64.Build.0 = Debug|Any CPU
		{CC693F79-0FB6-4433-9EC8-DFE4CB0AF866}.Debug|x64.Deploy.0 = Debug|Any CPU
		{CC693F79-0FB6-4433-9EC8-DFE4CB0AF866}.Debug|x86.ActiveCfg = Debug|Any CPU
		{CC693F79-0FB6-4433-9EC8-DFE4CB0AF866}.Debug|x86.Build.0 = Debug|Any CPU
		{CC693F79-0FB6-4433-9EC8-DFE4CB0AF866}.Debug|x86.Deploy.0 = Debug|Any CPU
		{CC693F79-0FB6-4433-9EC8-DFE4CB0AF866}.Release|Any CPU.ActiveCfg = Release|Any CPU
		{CC693F79-0FB6-4433-9EC8-DFE4CB0AF866}.Release|Any CPU.Build.0 = Release|Any CPU
		{CC693F79-0FB6-4433-9EC8-DFE4CB0AF866}.Release|Any CPU.Deploy.0 = Release|Any CPU
		{CC693F79-0FB6-4433-9EC8-DFE4CB0AF866}.Release|ARM.ActiveCfg = Release|Any CPU
		{CC693F79-0FB6-4433-9EC8-DFE4CB0AF866}.Release|ARM.Build.0 = Release|Any CPU
		{CC693F79-0FB6-4433-9EC8-DFE4CB0AF866}.Release|ARM.Deploy.0 = Release|Any CPU
		{CC693F79-0FB6-4433-9EC8-DFE4CB0AF866}.Release|iPhone.ActiveCfg = Release|Any CPU
		{CC693F79-0FB6-4433-9EC8-DFE4CB0AF866}.Release|iPhone.Build.0 = Release|Any CPU
		{CC693F79-0FB6-4433-9EC8-DFE4CB0AF866}.Release|iPhone.Deploy.0 = Release|Any CPU
		{CC693F79-0FB6-4433-9EC8-DFE4CB0AF866}.Release|iPhoneSimulator.ActiveCfg = Release|Any CPU
		{CC693F79-0FB6-4433-9EC8-DFE4CB0AF866}.Release|iPhoneSimulator.Build.0 = Release|Any CPU
		{CC693F79-0FB6-4433-9EC8-DFE4CB0AF866}.Release|iPhoneSimulator.Deploy.0 = Release|Any CPU
		{CC693F79-0FB6-4433-9EC8-DFE4CB0AF866}.Release|x64.ActiveCfg = Release|Any CPU
		{CC693F79-0FB6-4433-9EC8-DFE4CB0AF866}.Release|x64.Build.0 = Release|Any CPU
		{CC693F79-0FB6-4433-9EC8-DFE4CB0AF866}.Release|x64.Deploy.0 = Release|Any CPU
		{CC693F79-0FB6-4433-9EC8-DFE4CB0AF866}.Release|x86.ActiveCfg = Release|Any CPU
		{CC693F79-0FB6-4433-9EC8-DFE4CB0AF866}.Release|x86.Build.0 = Release|Any CPU
		{CC693F79-0FB6-4433-9EC8-DFE4CB0AF866}.Release|x86.Deploy.0 = Release|Any CPU
	EndGlobalSection
	GlobalSection(SolutionProperties) = preSolution
		HideSolutionNode = FALSE
	EndGlobalSection
	GlobalSection(ExtensibilityGlobals) = postSolution
		SolutionGuid = {D74F230E-6879-43D9-BD24-1BCE1D112C39}
	EndGlobalSection
EndGlobal
