
Microsoft Visual Studio Solution File, Format Version 12.00
# Visual Studio 15
VisualStudioVersion = 15.0.27703.2026
MinimumVisualStudioVersion = 10.0.40219.1
Project("{FAE04EC0-301F-11D3-BF4B-00C04F79EFBC}") = "TodoApp.Android", "TodoApp\TodoApp.Android\TodoApp.Android.csproj", "{74E45E6D-AB63-4F50-ADC5-D8379419AEDA}"
EndProject
Project("{FAE04EC0-301F-11D3-BF4B-00C04F79EFBC}") = "TodoApp.iOS", "TodoApp\TodoApp.iOS\TodoApp.iOS.csproj", "{66EFC49A-1376-4EA3-992A-B1FFB5A85322}"
EndProject
Project("{FAE04EC0-301F-11D3-BF4B-00C04F79EFBC}") = "TodoApp.UWP", "TodoApp\TodoApp.UWP\TodoApp.UWP.csproj", "{7339964A-3C54-4EB4-8206-38E4B8C0A733}"
EndProject
Project("{9A19103F-16F7-4668-BE54-9A1E7A4F7556}") = "TodoApp", "TodoApp\TodoApp\TodoApp.csproj", "{A32CE04F-72A9-401B-A8FB-C119D2351864}"
EndProject
Global
	GlobalSection(SolutionConfigurationPlatforms) = preSolution
		Ad-Hoc|Any CPU = Ad-Hoc|Any CPU
		Ad-Hoc|ARM = Ad-Hoc|ARM
		Ad-Hoc|iPhone = Ad-Hoc|iPhone
		Ad-Hoc|iPhoneSimulator = Ad-Hoc|iPhoneSimulator
		Ad-Hoc|x64 = Ad-Hoc|x64
		Ad-Hoc|x86 = Ad-Hoc|x86
		AppStore|Any CPU = AppStore|Any CPU
		AppStore|ARM = AppStore|ARM
		AppStore|iPhone = AppStore|iPhone
		AppStore|iPhoneSimulator = AppStore|iPhoneSimulator
		AppStore|x64 = AppStore|x64
		AppStore|x86 = AppStore|x86
		Debug|Any CPU = Debug|Any CPU
		Debug|ARM = Debug|ARM
		Debug|iPhone = Debug|iPhone
		Debug|iPhoneSimulator = Debug|iPhoneSimulator
		Debug|x64 = Debug|x64
		Debug|x86 = Debug|x86
		Release|Any CPU = Release|Any CPU
		Release|ARM = Release|ARM
		Release|iPhone = Release|iPhone
		Release|iPhoneSimulator = Release|iPhoneSimulator
		Release|x64 = Release|x64
		Release|x86 = Release|x86
		Tests|Any CPU = Tests|Any CPU
		Tests|ARM = Tests|ARM
		Tests|iPhone = Tests|iPhone
		Tests|iPhoneSimulator = Tests|iPhoneSimulator
		Tests|x64 = Tests|x64
		Tests|x86 = Tests|x86
	EndGlobalSection
	GlobalSection(ProjectConfigurationPlatforms) = postSolution
		{74E45E6D-AB63-4F50-ADC5-D8379419AEDA}.Ad-Hoc|Any CPU.ActiveCfg = Release|Any CPU
		{74E45E6D-AB63-4F50-ADC5-D8379419AEDA}.Ad-Hoc|Any CPU.Build.0 = Release|Any CPU
		{74E45E6D-AB63-4F50-ADC5-D8379419AEDA}.Ad-Hoc|Any CPU.Deploy.0 = Release|Any CPU
		{74E45E6D-AB63-4F50-ADC5-D8379419AEDA}.Ad-Hoc|ARM.ActiveCfg = Release|Any CPU
		{74E45E6D-AB63-4F50-ADC5-D8379419AEDA}.Ad-Hoc|ARM.Build.0 = Release|Any CPU
		{74E45E6D-AB63-4F50-ADC5-D8379419AEDA}.Ad-Hoc|ARM.Deploy.0 = Release|Any CPU
		{74E45E6D-AB63-4F50-ADC5-D8379419AEDA}.Ad-Hoc|iPhone.ActiveCfg = Release|Any CPU
		{74E45E6D-AB63-4F50-ADC5-D8379419AEDA}.Ad-Hoc|iPhone.Build.0 = Release|Any CPU
		{74E45E6D-AB63-4F50-ADC5-D8379419AEDA}.Ad-Hoc|iPhone.Deploy.0 = Release|Any CPU
		{74E45E6D-AB63-4F50-ADC5-D8379419AEDA}.Ad-Hoc|iPhoneSimulator.ActiveCfg = Release|Any CPU
		{74E45E6D-AB63-4F50-ADC5-D8379419AEDA}.Ad-Hoc|iPhoneSimulator.Build.0 = Release|Any CPU
		{74E45E6D-AB63-4F50-ADC5-D8379419AEDA}.Ad-Hoc|iPhoneSimulator.Deploy.0 = Release|Any CPU
		{74E45E6D-AB63-4F50-ADC5-D8379419AEDA}.Ad-Hoc|x64.ActiveCfg = Release|Any CPU
		{74E45E6D-AB63-4F50-ADC5-D8379419AEDA}.Ad-Hoc|x64.Build.0 = Release|Any CPU
		{74E45E6D-AB63-4F50-ADC5-D8379419AEDA}.Ad-Hoc|x64.Deploy.0 = Release|Any CPU
		{74E45E6D-AB63-4F50-ADC5-D8379419AEDA}.Ad-Hoc|x86.ActiveCfg = Release|Any CPU
		{74E45E6D-AB63-4F50-ADC5-D8379419AEDA}.Ad-Hoc|x86.Build.0 = Release|Any CPU
		{74E45E6D-AB63-4F50-ADC5-D8379419AEDA}.Ad-Hoc|x86.Deploy.0 = Release|Any CPU
		{74E45E6D-AB63-4F50-ADC5-D8379419AEDA}.AppStore|Any CPU.ActiveCfg = Release|Any CPU
		{74E45E6D-AB63-4F50-ADC5-D8379419AEDA}.AppStore|Any CPU.Build.0 = Release|Any CPU
		{74E45E6D-AB63-4F50-ADC5-D8379419AEDA}.AppStore|Any CPU.Deploy.0 = Release|Any CPU
		{74E45E6D-AB63-4F50-ADC5-D8379419AEDA}.AppStore|ARM.ActiveCfg = Release|Any CPU
		{74E45E6D-AB63-4F50-ADC5-D8379419AEDA}.AppStore|ARM.Build.0 = Release|Any CPU
		{74E45E6D-AB63-4F50-ADC5-D8379419AEDA}.AppStore|ARM.Deploy.0 = Release|Any CPU
		{74E45E6D-AB63-4F50-ADC5-D8379419AEDA}.AppStore|iPhone.ActiveCfg = Release|Any CPU
		{74E45E6D-AB63-4F50-ADC5-D8379419AEDA}.AppStore|iPhone.Build.0 = Release|Any CPU
		{74E45E6D-AB63-4F50-ADC5-D8379419AEDA}.AppStore|iPhone.Deploy.0 = Release|Any CPU
		{74E45E6D-AB63-4F50-ADC5-D8379419AEDA}.AppStore|iPhoneSimulator.ActiveCfg = Release|Any CPU
		{74E45E6D-AB63-4F50-ADC5-D8379419AEDA}.AppStore|iPhoneSimulator.Build.0 = Release|Any CPU
		{74E45E6D-AB63-4F50-ADC5-D8379419AEDA}.AppStore|iPhoneSimulator.Deploy.0 = Release|Any CPU
		{74E45E6D-AB63-4F50-ADC5-D8379419AEDA}.AppStore|x64.ActiveCfg = Release|Any CPU
		{74E45E6D-AB63-4F50-ADC5-D8379419AEDA}.AppStore|x64.Build.0 = Release|Any CPU
		{74E45E6D-AB63-4F50-ADC5-D8379419AEDA}.AppStore|x64.Deploy.0 = Release|Any CPU
		{74E45E6D-AB63-4F50-ADC5-D8379419AEDA}.AppStore|x86.ActiveCfg = Release|Any CPU
		{74E45E6D-AB63-4F50-ADC5-D8379419AEDA}.AppStore|x86.Build.0 = Release|Any CPU
		{74E45E6D-AB63-4F50-ADC5-D8379419AEDA}.AppStore|x86.Deploy.0 = Release|Any CPU
		{74E45E6D-AB63-4F50-ADC5-D8379419AEDA}.Debug|Any CPU.ActiveCfg = Debug|Any CPU
		{74E45E6D-AB63-4F50-ADC5-D8379419AEDA}.Debug|Any CPU.Build.0 = Debug|Any CPU
		{74E45E6D-AB63-4F50-ADC5-D8379419AEDA}.Debug|Any CPU.Deploy.0 = Debug|Any CPU
		{74E45E6D-AB63-4F50-ADC5-D8379419AEDA}.Debug|ARM.ActiveCfg = Debug|Any CPU
		{74E45E6D-AB63-4F50-ADC5-D8379419AEDA}.Debug|ARM.Build.0 = Debug|Any CPU
		{74E45E6D-AB63-4F50-ADC5-D8379419AEDA}.Debug|ARM.Deploy.0 = Debug|Any CPU
		{74E45E6D-AB63-4F50-ADC5-D8379419AEDA}.Debug|iPhone.ActiveCfg = Debug|Any CPU
		{74E45E6D-AB63-4F50-ADC5-D8379419AEDA}.Debug|iPhone.Build.0 = Debug|Any CPU
		{74E45E6D-AB63-4F50-ADC5-D8379419AEDA}.Debug|iPhone.Deploy.0 = Debug|Any CPU
		{74E45E6D-AB63-4F50-ADC5-D8379419AEDA}.Debug|iPhoneSimulator.ActiveCfg = Debug|Any CPU
		{74E45E6D-AB63-4F50-ADC5-D8379419AEDA}.Debug|iPhoneSimulator.Build.0 = Debug|Any CPU
		{74E45E6D-AB63-4F50-ADC5-D8379419AEDA}.Debug|iPhoneSimulator.Deploy.0 = Debug|Any CPU
		{74E45E6D-AB63-4F50-ADC5-D8379419AEDA}.Debug|x64.ActiveCfg = Debug|Any CPU
		{74E45E6D-AB63-4F50-ADC5-D8379419AEDA}.Debug|x64.Build.0 = Debug|Any CPU
		{74E45E6D-AB63-4F50-ADC5-D8379419AEDA}.Debug|x64.Deploy.0 = Debug|Any CPU
		{74E45E6D-AB63-4F50-ADC5-D8379419AEDA}.Debug|x86.ActiveCfg = Debug|Any CPU
		{74E45E6D-AB63-4F50-ADC5-D8379419AEDA}.Debug|x86.Build.0 = Debug|Any CPU
		{74E45E6D-AB63-4F50-ADC5-D8379419AEDA}.Debug|x86.Deploy.0 = Debug|Any CPU
		{74E45E6D-AB63-4F50-ADC5-D8379419AEDA}.Release|Any CPU.ActiveCfg = Release|Any CPU
		{74E45E6D-AB63-4F50-ADC5-D8379419AEDA}.Release|Any CPU.Build.0 = Release|Any CPU
		{74E45E6D-AB63-4F50-ADC5-D8379419AEDA}.Release|Any CPU.Deploy.0 = Release|Any CPU
		{74E45E6D-AB63-4F50-ADC5-D8379419AEDA}.Release|ARM.ActiveCfg = Release|Any CPU
		{74E45E6D-AB63-4F50-ADC5-D8379419AEDA}.Release|ARM.Build.0 = Release|Any CPU
		{74E45E6D-AB63-4F50-ADC5-D8379419AEDA}.Release|ARM.Deploy.0 = Release|Any CPU
		{74E45E6D-AB63-4F50-ADC5-D8379419AEDA}.Release|iPhone.ActiveCfg = Release|Any CPU
		{74E45E6D-AB63-4F50-ADC5-D8379419AEDA}.Release|iPhone.Build.0 = Release|Any CPU
		{74E45E6D-AB63-4F50-ADC5-D8379419AEDA}.Release|iPhone.Deploy.0 = Release|Any CPU
		{74E45E6D-AB63-4F50-ADC5-D8379419AEDA}.Release|iPhoneSimulator.ActiveCfg = Release|Any CPU
		{74E45E6D-AB63-4F50-ADC5-D8379419AEDA}.Release|iPhoneSimulator.Build.0 = Release|Any CPU
		{74E45E6D-AB63-4F50-ADC5-D8379419AEDA}.Release|iPhoneSimulator.Deploy.0 = Release|Any CPU
		{74E45E6D-AB63-4F50-ADC5-D8379419AEDA}.Release|x64.ActiveCfg = Release|Any CPU
		{74E45E6D-AB63-4F50-ADC5-D8379419AEDA}.Release|x64.Build.0 = Release|Any CPU
		{74E45E6D-AB63-4F50-ADC5-D8379419AEDA}.Release|x64.Deploy.0 = Release|Any CPU
		{74E45E6D-AB63-4F50-ADC5-D8379419AEDA}.Release|x86.ActiveCfg = Release|Any CPU
		{74E45E6D-AB63-4F50-ADC5-D8379419AEDA}.Release|x86.Build.0 = Release|Any CPU
		{74E45E6D-AB63-4F50-ADC5-D8379419AEDA}.Release|x86.Deploy.0 = Release|Any CPU
		{74E45E6D-AB63-4F50-ADC5-D8379419AEDA}.Tests|Any CPU.ActiveCfg = Debug|Any CPU
		{74E45E6D-AB63-4F50-ADC5-D8379419AEDA}.Tests|Any CPU.Build.0 = Debug|Any CPU
		{74E45E6D-AB63-4F50-ADC5-D8379419AEDA}.Tests|Any CPU.Deploy.0 = Debug|Any CPU
		{74E45E6D-AB63-4F50-ADC5-D8379419AEDA}.Tests|ARM.ActiveCfg = Tests|Any CPU
		{74E45E6D-AB63-4F50-ADC5-D8379419AEDA}.Tests|ARM.Build.0 = Tests|Any CPU
		{74E45E6D-AB63-4F50-ADC5-D8379419AEDA}.Tests|ARM.Deploy.0 = Tests|Any CPU
		{74E45E6D-AB63-4F50-ADC5-D8379419AEDA}.Tests|iPhone.ActiveCfg = Tests|Any CPU
		{74E45E6D-AB63-4F50-ADC5-D8379419AEDA}.Tests|iPhone.Build.0 = Tests|Any CPU
		{74E45E6D-AB63-4F50-ADC5-D8379419AEDA}.Tests|iPhone.Deploy.0 = Tests|Any CPU
		{74E45E6D-AB63-4F50-ADC5-D8379419AEDA}.Tests|iPhoneSimulator.ActiveCfg = Tests|Any CPU
		{74E45E6D-AB63-4F50-ADC5-D8379419AEDA}.Tests|iPhoneSimulator.Build.0 = Tests|Any CPU
		{74E45E6D-AB63-4F50-ADC5-D8379419AEDA}.Tests|iPhoneSimulator.Deploy.0 = Tests|Any CPU
		{74E45E6D-AB63-4F50-ADC5-D8379419AEDA}.Tests|x64.ActiveCfg = Tests|Any CPU
		{74E45E6D-AB63-4F50-ADC5-D8379419AEDA}.Tests|x64.Build.0 = Tests|Any CPU
		{74E45E6D-AB63-4F50-ADC5-D8379419AEDA}.Tests|x64.Deploy.0 = Tests|Any CPU
		{74E45E6D-AB63-4F50-ADC5-D8379419AEDA}.Tests|x86.ActiveCfg = Tests|Any CPU
		{74E45E6D-AB63-4F50-ADC5-D8379419AEDA}.Tests|x86.Build.0 = Tests|Any CPU
		{74E45E6D-AB63-4F50-ADC5-D8379419AEDA}.Tests|x86.Deploy.0 = Tests|Any CPU
		{66EFC49A-1376-4EA3-992A-B1FFB5A85322}.Ad-Hoc|Any CPU.ActiveCfg = Ad-Hoc|iPhone
		{66EFC49A-1376-4EA3-992A-B1FFB5A85322}.Ad-Hoc|Any CPU.Build.0 = Ad-Hoc|iPhone
		{66EFC49A-1376-4EA3-992A-B1FFB5A85322}.Ad-Hoc|Any CPU.Deploy.0 = Ad-Hoc|iPhone
		{66EFC49A-1376-4EA3-992A-B1FFB5A85322}.Ad-Hoc|ARM.ActiveCfg = Ad-Hoc|iPhone
		{66EFC49A-1376-4EA3-992A-B1FFB5A85322}.Ad-Hoc|ARM.Build.0 = Ad-Hoc|iPhone
		{66EFC49A-1376-4EA3-992A-B1FFB5A85322}.Ad-Hoc|ARM.Deploy.0 = Ad-Hoc|iPhone
		{66EFC49A-1376-4EA3-992A-B1FFB5A85322}.Ad-Hoc|iPhone.ActiveCfg = Ad-Hoc|iPhone
		{66EFC49A-1376-4EA3-992A-B1FFB5A85322}.Ad-Hoc|iPhone.Build.0 = Ad-Hoc|iPhone
		{66EFC49A-1376-4EA3-992A-B1FFB5A85322}.Ad-Hoc|iPhone.Deploy.0 = Ad-Hoc|iPhone
		{66EFC49A-1376-4EA3-992A-B1FFB5A85322}.Ad-Hoc|iPhoneSimulator.ActiveCfg = Ad-Hoc|iPhoneSimulator
		{66EFC49A-1376-4EA3-992A-B1FFB5A85322}.Ad-Hoc|iPhoneSimulator.Build.0 = Ad-Hoc|iPhoneSimulator
		{66EFC49A-1376-4EA3-992A-B1FFB5A85322}.Ad-Hoc|iPhoneSimulator.Deploy.0 = Ad-Hoc|iPhoneSimulator
		{66EFC49A-1376-4EA3-992A-B1FFB5A85322}.Ad-Hoc|x64.ActiveCfg = Ad-Hoc|iPhone
		{66EFC49A-1376-4EA3-992A-B1FFB5A85322}.Ad-Hoc|x64.Build.0 = Ad-Hoc|iPhone
		{66EFC49A-1376-4EA3-992A-B1FFB5A85322}.Ad-Hoc|x64.Deploy.0 = Ad-Hoc|iPhone
		{66EFC49A-1376-4EA3-992A-B1FFB5A85322}.Ad-Hoc|x86.ActiveCfg = Ad-Hoc|iPhone
		{66EFC49A-1376-4EA3-992A-B1FFB5A85322}.Ad-Hoc|x86.Build.0 = Ad-Hoc|iPhone
		{66EFC49A-1376-4EA3-992A-B1FFB5A85322}.Ad-Hoc|x86.Deploy.0 = Ad-Hoc|iPhone
		{66EFC49A-1376-4EA3-992A-B1FFB5A85322}.AppStore|Any CPU.ActiveCfg = AppStore|iPhone
		{66EFC49A-1376-4EA3-992A-B1FFB5A85322}.AppStore|Any CPU.Build.0 = AppStore|iPhone
		{66EFC49A-1376-4EA3-992A-B1FFB5A85322}.AppStore|Any CPU.Deploy.0 = AppStore|iPhone
		{66EFC49A-1376-4EA3-992A-B1FFB5A85322}.AppStore|ARM.ActiveCfg = AppStore|iPhone
		{66EFC49A-1376-4EA3-992A-B1FFB5A85322}.AppStore|ARM.Build.0 = AppStore|iPhone
		{66EFC49A-1376-4EA3-992A-B1FFB5A85322}.AppStore|ARM.Deploy.0 = AppStore|iPhone
		{66EFC49A-1376-4EA3-992A-B1FFB5A85322}.AppStore|iPhone.ActiveCfg = AppStore|iPhone
		{66EFC49A-1376-4EA3-992A-B1FFB5A85322}.AppStore|iPhone.Build.0 = AppStore|iPhone
		{66EFC49A-1376-4EA3-992A-B1FFB5A85322}.AppStore|iPhone.Deploy.0 = AppStore|iPhone
		{66EFC49A-1376-4EA3-992A-B1FFB5A85322}.AppStore|iPhoneSimulator.ActiveCfg = AppStore|iPhoneSimulator
		{66EFC49A-1376-4EA3-992A-B1FFB5A85322}.AppStore|iPhoneSimulator.Build.0 = AppStore|iPhoneSimulator
		{66EFC49A-1376-4EA3-992A-B1FFB5A85322}.AppStore|iPhoneSimulator.Deploy.0 = AppStore|iPhoneSimulator
		{66EFC49A-1376-4EA3-992A-B1FFB5A85322}.AppStore|x64.ActiveCfg = AppStore|iPhone
		{66EFC49A-1376-4EA3-992A-B1FFB5A85322}.AppStore|x64.Build.0 = AppStore|iPhone
		{66EFC49A-1376-4EA3-992A-B1FFB5A85322}.AppStore|x64.Deploy.0 = AppStore|iPhone
		{66EFC49A-1376-4EA3-992A-B1FFB5A85322}.AppStore|x86.ActiveCfg = AppStore|iPhone
		{66EFC49A-1376-4EA3-992A-B1FFB5A85322}.AppStore|x86.Build.0 = AppStore|iPhone
		{66EFC49A-1376-4EA3-992A-B1FFB5A85322}.AppStore|x86.Deploy.0 = AppStore|iPhone
		{66EFC49A-1376-4EA3-992A-B1FFB5A85322}.Debug|Any CPU.ActiveCfg = Debug|iPhoneSimulator
		{66EFC49A-1376-4EA3-992A-B1FFB5A85322}.Debug|Any CPU.Build.0 = Debug|iPhoneSimulator
		{66EFC49A-1376-4EA3-992A-B1FFB5A85322}.Debug|Any CPU.Deploy.0 = Debug|iPhoneSimulator
		{66EFC49A-1376-4EA3-992A-B1FFB5A85322}.Debug|ARM.ActiveCfg = Debug|iPhone
		{66EFC49A-1376-4EA3-992A-B1FFB5A85322}.Debug|ARM.Build.0 = Debug|iPhone
		{66EFC49A-1376-4EA3-992A-B1FFB5A85322}.Debug|ARM.Deploy.0 = Debug|iPhone
		{66EFC49A-1376-4EA3-992A-B1FFB5A85322}.Debug|iPhone.ActiveCfg = Debug|iPhone
		{66EFC49A-1376-4EA3-992A-B1FFB5A85322}.Debug|iPhone.Build.0 = Debug|iPhone
		{66EFC49A-1376-4EA3-992A-B1FFB5A85322}.Debug|iPhone.Deploy.0 = Debug|iPhone
		{66EFC49A-1376-4EA3-992A-B1FFB5A85322}.Debug|iPhoneSimulator.ActiveCfg = Debug|iPhoneSimulator
		{66EFC49A-1376-4EA3-992A-B1FFB5A85322}.Debug|iPhoneSimulator.Build.0 = Debug|iPhoneSimulator
		{66EFC49A-1376-4EA3-992A-B1FFB5A85322}.Debug|iPhoneSimulator.Deploy.0 = Debug|iPhoneSimulator
		{66EFC49A-1376-4EA3-992A-B1FFB5A85322}.Debug|x64.ActiveCfg = Debug|iPhone
		{66EFC49A-1376-4EA3-992A-B1FFB5A85322}.Debug|x64.Build.0 = Debug|iPhone
		{66EFC49A-1376-4EA3-992A-B1FFB5A85322}.Debug|x64.Deploy.0 = Debug|iPhone
		{66EFC49A-1376-4EA3-992A-B1FFB5A85322}.Debug|x86.ActiveCfg = Debug|iPhone
		{66EFC49A-1376-4EA3-992A-B1FFB5A85322}.Debug|x86.Build.0 = Debug|iPhone
		{66EFC49A-1376-4EA3-992A-B1FFB5A85322}.Debug|x86.Deploy.0 = Debug|iPhone
		{66EFC49A-1376-4EA3-992A-B1FFB5A85322}.Release|Any CPU.ActiveCfg = Release|iPhone
		{66EFC49A-1376-4EA3-992A-B1FFB5A85322}.Release|Any CPU.Build.0 = Release|iPhone
		{66EFC49A-1376-4EA3-992A-B1FFB5A85322}.Release|Any CPU.Deploy.0 = Release|iPhone
		{66EFC49A-1376-4EA3-992A-B1FFB5A85322}.Release|ARM.ActiveCfg = Release|iPhone
		{66EFC49A-1376-4EA3-992A-B1FFB5A85322}.Release|ARM.Build.0 = Release|iPhone
		{66EFC49A-1376-4EA3-992A-B1FFB5A85322}.Release|ARM.Deploy.0 = Release|iPhone
		{66EFC49A-1376-4EA3-992A-B1FFB5A85322}.Release|iPhone.ActiveCfg = Release|iPhone
		{66EFC49A-1376-4EA3-992A-B1FFB5A85322}.Release|iPhone.Build.0 = Release|iPhone
		{66EFC49A-1376-4EA3-992A-B1FFB5A85322}.Release|iPhone.Deploy.0 = Release|iPhone
		{66EFC49A-1376-4EA3-992A-B1FFB5A85322}.Release|iPhoneSimulator.ActiveCfg = Release|iPhoneSimulator
		{66EFC49A-1376-4EA3-992A-B1FFB5A85322}.Release|iPhoneSimulator.Build.0 = Release|iPhoneSimulator
		{66EFC49A-1376-4EA3-992A-B1FFB5A85322}.Release|iPhoneSimulator.Deploy.0 = Release|iPhoneSimulator
		{66EFC49A-1376-4EA3-992A-B1FFB5A85322}.Release|x64.ActiveCfg = Release|iPhone
		{66EFC49A-1376-4EA3-992A-B1FFB5A85322}.Release|x64.Build.0 = Release|iPhone
		{66EFC49A-1376-4EA3-992A-B1FFB5A85322}.Release|x64.Deploy.0 = Release|iPhone
		{66EFC49A-1376-4EA3-992A-B1FFB5A85322}.Release|x86.ActiveCfg = Release|iPhone
		{66EFC49A-1376-4EA3-992A-B1FFB5A85322}.Release|x86.Build.0 = Release|iPhone
		{66EFC49A-1376-4EA3-992A-B1FFB5A85322}.Release|x86.Deploy.0 = Release|iPhone
		{66EFC49A-1376-4EA3-992A-B1FFB5A85322}.Tests|Any CPU.ActiveCfg = Tests|iPhoneSimulator
		{66EFC49A-1376-4EA3-992A-B1FFB5A85322}.Tests|Any CPU.Build.0 = Tests|iPhoneSimulator
		{66EFC49A-1376-4EA3-992A-B1FFB5A85322}.Tests|ARM.ActiveCfg = Tests|iPhone
		{66EFC49A-1376-4EA3-992A-B1FFB5A85322}.Tests|iPhone.ActiveCfg = Tests|iPhone
		{66EFC49A-1376-4EA3-992A-B1FFB5A85322}.Tests|iPhone.Build.0 = Tests|iPhone
		{66EFC49A-1376-4EA3-992A-B1FFB5A85322}.Tests|iPhoneSimulator.ActiveCfg = Tests|iPhoneSimulator
		{66EFC49A-1376-4EA3-992A-B1FFB5A85322}.Tests|iPhoneSimulator.Build.0 = Tests|iPhoneSimulator
		{66EFC49A-1376-4EA3-992A-B1FFB5A85322}.Tests|x64.ActiveCfg = Tests|iPhone
		{66EFC49A-1376-4EA3-992A-B1FFB5A85322}.Tests|x86.ActiveCfg = Tests|iPhone
		{7339964A-3C54-4EB4-8206-38E4B8C0A733}.Ad-Hoc|Any CPU.ActiveCfg = Release|x86
		{7339964A-3C54-4EB4-8206-38E4B8C0A733}.Ad-Hoc|Any CPU.Build.0 = Release|x86
		{7339964A-3C54-4EB4-8206-38E4B8C0A733}.Ad-Hoc|Any CPU.Deploy.0 = Release|x86
		{7339964A-3C54-4EB4-8206-38E4B8C0A733}.Ad-Hoc|ARM.ActiveCfg = Release|ARM
		{7339964A-3C54-4EB4-8206-38E4B8C0A733}.Ad-Hoc|ARM.Build.0 = Release|ARM
		{7339964A-3C54-4EB4-8206-38E4B8C0A733}.Ad-Hoc|ARM.Deploy.0 = Release|ARM
		{7339964A-3C54-4EB4-8206-38E4B8C0A733}.Ad-Hoc|iPhone.ActiveCfg = Release|x86
		{7339964A-3C54-4EB4-8206-38E4B8C0A733}.Ad-Hoc|iPhone.Build.0 = Release|x86
		{7339964A-3C54-4EB4-8206-38E4B8C0A733}.Ad-Hoc|iPhone.Deploy.0 = Release|x86
		{7339964A-3C54-4EB4-8206-38E4B8C0A733}.Ad-Hoc|iPhoneSimulator.ActiveCfg = Release|x86
		{7339964A-3C54-4EB4-8206-38E4B8C0A733}.Ad-Hoc|iPhoneSimulator.Build.0 = Release|x86
		{7339964A-3C54-4EB4-8206-38E4B8C0A733}.Ad-Hoc|iPhoneSimulator.Deploy.0 = Release|x86
		{7339964A-3C54-4EB4-8206-38E4B8C0A733}.Ad-Hoc|x64.ActiveCfg = Release|x64
		{7339964A-3C54-4EB4-8206-38E4B8C0A733}.Ad-Hoc|x64.Build.0 = Release|x64
		{7339964A-3C54-4EB4-8206-38E4B8C0A733}.Ad-Hoc|x64.Deploy.0 = Release|x64
		{7339964A-3C54-4EB4-8206-38E4B8C0A733}.Ad-Hoc|x86.ActiveCfg = Release|x86
		{7339964A-3C54-4EB4-8206-38E4B8C0A733}.Ad-Hoc|x86.Build.0 = Release|x86
		{7339964A-3C54-4EB4-8206-38E4B8C0A733}.Ad-Hoc|x86.Deploy.0 = Release|x86
		{7339964A-3C54-4EB4-8206-38E4B8C0A733}.AppStore|Any CPU.ActiveCfg = Release|x86
		{7339964A-3C54-4EB4-8206-38E4B8C0A733}.AppStore|Any CPU.Build.0 = Release|x86
		{7339964A-3C54-4EB4-8206-38E4B8C0A733}.AppStore|Any CPU.Deploy.0 = Release|x86
		{7339964A-3C54-4EB4-8206-38E4B8C0A733}.AppStore|ARM.ActiveCfg = Release|ARM
		{7339964A-3C54-4EB4-8206-38E4B8C0A733}.AppStore|ARM.Build.0 = Release|ARM
		{7339964A-3C54-4EB4-8206-38E4B8C0A733}.AppStore|ARM.Deploy.0 = Release|ARM
		{7339964A-3C54-4EB4-8206-38E4B8C0A733}.AppStore|iPhone.ActiveCfg = Release|x86
		{7339964A-3C54-4EB4-8206-38E4B8C0A733}.AppStore|iPhone.Build.0 = Release|x86
		{7339964A-3C54-4EB4-8206-38E4B8C0A733}.AppStore|iPhone.Deploy.0 = Release|x86
		{7339964A-3C54-4EB4-8206-38E4B8C0A733}.AppStore|iPhoneSimulator.ActiveCfg = Release|x86
		{7339964A-3C54-4EB4-8206-38E4B8C0A733}.AppStore|iPhoneSimulator.Build.0 = Release|x86
		{7339964A-3C54-4EB4-8206-38E4B8C0A733}.AppStore|iPhoneSimulator.Deploy.0 = Release|x86
		{7339964A-3C54-4EB4-8206-38E4B8C0A733}.AppStore|x64.ActiveCfg = Release|x64
		{7339964A-3C54-4EB4-8206-38E4B8C0A733}.AppStore|x64.Build.0 = Release|x64
		{7339964A-3C54-4EB4-8206-38E4B8C0A733}.AppStore|x64.Deploy.0 = Release|x64
		{7339964A-3C54-4EB4-8206-38E4B8C0A733}.AppStore|x86.ActiveCfg = AppStore|x86
		{7339964A-3C54-4EB4-8206-38E4B8C0A733}.AppStore|x86.Build.0 = AppStore|x86
		{7339964A-3C54-4EB4-8206-38E4B8C0A733}.AppStore|x86.Deploy.0 = AppStore|x86
		{7339964A-3C54-4EB4-8206-38E4B8C0A733}.Debug|Any CPU.ActiveCfg = Debug|x86
		{7339964A-3C54-4EB4-8206-38E4B8C0A733}.Debug|Any CPU.Build.0 = Debug|x86
		{7339964A-3C54-4EB4-8206-38E4B8C0A733}.Debug|Any CPU.Deploy.0 = Debug|x86
		{7339964A-3C54-4EB4-8206-38E4B8C0A733}.Debug|ARM.ActiveCfg = Debug|ARM
		{7339964A-3C54-4EB4-8206-38E4B8C0A733}.Debug|ARM.Build.0 = Debug|ARM
		{7339964A-3C54-4EB4-8206-38E4B8C0A733}.Debug|ARM.Deploy.0 = Debug|ARM
		{7339964A-3C54-4EB4-8206-38E4B8C0A733}.Debug|iPhone.ActiveCfg = Debug|x86
		{7339964A-3C54-4EB4-8206-38E4B8C0A733}.Debug|iPhone.Build.0 = Debug|x86
		{7339964A-3C54-4EB4-8206-38E4B8C0A733}.Debug|iPhone.Deploy.0 = Debug|x86
		{7339964A-3C54-4EB4-8206-38E4B8C0A733}.Debug|iPhoneSimulator.ActiveCfg = Debug|x86
		{7339964A-3C54-4EB4-8206-38E4B8C0A733}.Debug|iPhoneSimulator.Build.0 = Debug|x86
		{7339964A-3C54-4EB4-8206-38E4B8C0A733}.Debug|iPhoneSimulator.Deploy.0 = Debug|x86
		{7339964A-3C54-4EB4-8206-38E4B8C0A733}.Debug|x64.ActiveCfg = Debug|x64
		{7339964A-3C54-4EB4-8206-38E4B8C0A733}.Debug|x64.Build.0 = Debug|x64
		{7339964A-3C54-4EB4-8206-38E4B8C0A733}.Debug|x64.Deploy.0 = Debug|x64
		{7339964A-3C54-4EB4-8206-38E4B8C0A733}.Debug|x86.ActiveCfg = Debug|x86
		{7339964A-3C54-4EB4-8206-38E4B8C0A733}.Debug|x86.Build.0 = Debug|x86
		{7339964A-3C54-4EB4-8206-38E4B8C0A733}.Debug|x86.Deploy.0 = Debug|x86
		{7339964A-3C54-4EB4-8206-38E4B8C0A733}.Release|Any CPU.ActiveCfg = Release|x86
		{7339964A-3C54-4EB4-8206-38E4B8C0A733}.Release|Any CPU.Build.0 = Release|x86
		{7339964A-3C54-4EB4-8206-38E4B8C0A733}.Release|Any CPU.Deploy.0 = Release|x86
		{7339964A-3C54-4EB4-8206-38E4B8C0A733}.Release|ARM.ActiveCfg = Release|ARM
		{7339964A-3C54-4EB4-8206-38E4B8C0A733}.Release|ARM.Build.0 = Release|ARM
		{7339964A-3C54-4EB4-8206-38E4B8C0A733}.Release|ARM.Deploy.0 = Release|ARM
		{7339964A-3C54-4EB4-8206-38E4B8C0A733}.Release|iPhone.ActiveCfg = Release|x86
		{7339964A-3C54-4EB4-8206-38E4B8C0A733}.Release|iPhone.Build.0 = Release|x86
		{7339964A-3C54-4EB4-8206-38E4B8C0A733}.Release|iPhone.Deploy.0 = Release|x86
		{7339964A-3C54-4EB4-8206-38E4B8C0A733}.Release|iPhoneSimulator.ActiveCfg = Release|x86
		{7339964A-3C54-4EB4-8206-38E4B8C0A733}.Release|iPhoneSimulator.Build.0 = Release|x86
		{7339964A-3C54-4EB4-8206-38E4B8C0A733}.Release|iPhoneSimulator.Deploy.0 = Release|x86
		{7339964A-3C54-4EB4-8206-38E4B8C0A733}.Release|x64.ActiveCfg = Release|x64
		{7339964A-3C54-4EB4-8206-38E4B8C0A733}.Release|x64.Build.0 = Release|x64
		{7339964A-3C54-4EB4-8206-38E4B8C0A733}.Release|x64.Deploy.0 = Release|x64
		{7339964A-3C54-4EB4-8206-38E4B8C0A733}.Release|x86.ActiveCfg = Release|x86
		{7339964A-3C54-4EB4-8206-38E4B8C0A733}.Release|x86.Build.0 = Release|x86
		{7339964A-3C54-4EB4-8206-38E4B8C0A733}.Release|x86.Deploy.0 = Release|x86
		{7339964A-3C54-4EB4-8206-38E4B8C0A733}.Tests|Any CPU.ActiveCfg = Debug|x86
		{7339964A-3C54-4EB4-8206-38E4B8C0A733}.Tests|ARM.ActiveCfg = Tests|ARM
		{7339964A-3C54-4EB4-8206-38E4B8C0A733}.Tests|ARM.Build.0 = Tests|ARM
		{7339964A-3C54-4EB4-8206-38E4B8C0A733}.Tests|ARM.Deploy.0 = Tests|ARM
		{7339964A-3C54-4EB4-8206-38E4B8C0A733}.Tests|iPhone.ActiveCfg = Tests|x86
		{7339964A-3C54-4EB4-8206-38E4B8C0A733}.Tests|iPhoneSimulator.ActiveCfg = Tests|x86
		{7339964A-3C54-4EB4-8206-38E4B8C0A733}.Tests|x64.ActiveCfg = Tests|x64
		{7339964A-3C54-4EB4-8206-38E4B8C0A733}.Tests|x64.Build.0 = Tests|x64
		{7339964A-3C54-4EB4-8206-38E4B8C0A733}.Tests|x64.Deploy.0 = Tests|x64
		{7339964A-3C54-4EB4-8206-38E4B8C0A733}.Tests|x86.ActiveCfg = Tests|x86
		{7339964A-3C54-4EB4-8206-38E4B8C0A733}.Tests|x86.Build.0 = Tests|x86
		{7339964A-3C54-4EB4-8206-38E4B8C0A733}.Tests|x86.Deploy.0 = Tests|x86
		{A32CE04F-72A9-401B-A8FB-C119D2351864}.Ad-Hoc|Any CPU.ActiveCfg = Debug|Any CPU
		{A32CE04F-72A9-401B-A8FB-C119D2351864}.Ad-Hoc|Any CPU.Build.0 = Debug|Any CPU
		{A32CE04F-72A9-401B-A8FB-C119D2351864}.Ad-Hoc|Any CPU.Deploy.0 = Debug|Any CPU
		{A32CE04F-72A9-401B-A8FB-C119D2351864}.Ad-Hoc|ARM.ActiveCfg = Debug|Any CPU
		{A32CE04F-72A9-401B-A8FB-C119D2351864}.Ad-Hoc|ARM.Build.0 = Debug|Any CPU
		{A32CE04F-72A9-401B-A8FB-C119D2351864}.Ad-Hoc|ARM.Deploy.0 = Debug|Any CPU
		{A32CE04F-72A9-401B-A8FB-C119D2351864}.Ad-Hoc|iPhone.ActiveCfg = Debug|Any CPU
		{A32CE04F-72A9-401B-A8FB-C119D2351864}.Ad-Hoc|iPhone.Build.0 = Debug|Any CPU
		{A32CE04F-72A9-401B-A8FB-C119D2351864}.Ad-Hoc|iPhone.Deploy.0 = Debug|Any CPU
		{A32CE04F-72A9-401B-A8FB-C119D2351864}.Ad-Hoc|iPhoneSimulator.ActiveCfg = Debug|Any CPU
		{A32CE04F-72A9-401B-A8FB-C119D2351864}.Ad-Hoc|iPhoneSimulator.Build.0 = Debug|Any CPU
		{A32CE04F-72A9-401B-A8FB-C119D2351864}.Ad-Hoc|iPhoneSimulator.Deploy.0 = Debug|Any CPU
		{A32CE04F-72A9-401B-A8FB-C119D2351864}.Ad-Hoc|x64.ActiveCfg = Debug|Any CPU
		{A32CE04F-72A9-401B-A8FB-C119D2351864}.Ad-Hoc|x64.Build.0 = Debug|Any CPU
		{A32CE04F-72A9-401B-A8FB-C119D2351864}.Ad-Hoc|x64.Deploy.0 = Debug|Any CPU
		{A32CE04F-72A9-401B-A8FB-C119D2351864}.Ad-Hoc|x86.ActiveCfg = Debug|Any CPU
		{A32CE04F-72A9-401B-A8FB-C119D2351864}.Ad-Hoc|x86.Build.0 = Debug|Any CPU
		{A32CE04F-72A9-401B-A8FB-C119D2351864}.Ad-Hoc|x86.Deploy.0 = Debug|Any CPU
		{A32CE04F-72A9-401B-A8FB-C119D2351864}.AppStore|Any CPU.ActiveCfg = Debug|Any CPU
		{A32CE04F-72A9-401B-A8FB-C119D2351864}.AppStore|Any CPU.Build.0 = Debug|Any CPU
		{A32CE04F-72A9-401B-A8FB-C119D2351864}.AppStore|Any CPU.Deploy.0 = Debug|Any CPU
		{A32CE04F-72A9-401B-A8FB-C119D2351864}.AppStore|ARM.ActiveCfg = Debug|Any CPU
		{A32CE04F-72A9-401B-A8FB-C119D2351864}.AppStore|ARM.Build.0 = Debug|Any CPU
		{A32CE04F-72A9-401B-A8FB-C119D2351864}.AppStore|ARM.Deploy.0 = Debug|Any CPU
		{A32CE04F-72A9-401B-A8FB-C119D2351864}.AppStore|iPhone.ActiveCfg = Debug|Any CPU
		{A32CE04F-72A9-401B-A8FB-C119D2351864}.AppStore|iPhone.Build.0 = Debug|Any CPU
		{A32CE04F-72A9-401B-A8FB-C119D2351864}.AppStore|iPhone.Deploy.0 = Debug|Any CPU
		{A32CE04F-72A9-401B-A8FB-C119D2351864}.AppStore|iPhoneSimulator.ActiveCfg = Debug|Any CPU
		{A32CE04F-72A9-401B-A8FB-C119D2351864}.AppStore|iPhoneSimulator.Build.0 = Debug|Any CPU
		{A32CE04F-72A9-401B-A8FB-C119D2351864}.AppStore|iPhoneSimulator.Deploy.0 = Debug|Any CPU
		{A32CE04F-72A9-401B-A8FB-C119D2351864}.AppStore|x64.ActiveCfg = Debug|Any CPU
		{A32CE04F-72A9-401B-A8FB-C119D2351864}.AppStore|x64.Build.0 = Debug|Any CPU
		{A32CE04F-72A9-401B-A8FB-C119D2351864}.AppStore|x64.Deploy.0 = Debug|Any CPU
		{A32CE04F-72A9-401B-A8FB-C119D2351864}.AppStore|x86.ActiveCfg = Debug|Any CPU
		{A32CE04F-72A9-401B-A8FB-C119D2351864}.AppStore|x86.Build.0 = Debug|Any CPU
		{A32CE04F-72A9-401B-A8FB-C119D2351864}.AppStore|x86.Deploy.0 = Debug|Any CPU
		{A32CE04F-72A9-401B-A8FB-C119D2351864}.Debug|Any CPU.ActiveCfg = Debug|Any CPU
		{A32CE04F-72A9-401B-A8FB-C119D2351864}.Debug|Any CPU.Build.0 = Debug|Any CPU
		{A32CE04F-72A9-401B-A8FB-C119D2351864}.Debug|Any CPU.Deploy.0 = Debug|Any CPU
		{A32CE04F-72A9-401B-A8FB-C119D2351864}.Debug|ARM.ActiveCfg = Debug|Any CPU
		{A32CE04F-72A9-401B-A8FB-C119D2351864}.Debug|ARM.Build.0 = Debug|Any CPU
		{A32CE04F-72A9-401B-A8FB-C119D2351864}.Debug|ARM.Deploy.0 = Debug|Any CPU
		{A32CE04F-72A9-401B-A8FB-C119D2351864}.Debug|iPhone.ActiveCfg = Debug|Any CPU
		{A32CE04F-72A9-401B-A8FB-C119D2351864}.Debug|iPhone.Build.0 = Debug|Any CPU
		{A32CE04F-72A9-401B-A8FB-C119D2351864}.Debug|iPhone.Deploy.0 = Debug|Any CPU
		{A32CE04F-72A9-401B-A8FB-C119D2351864}.Debug|iPhoneSimulator.ActiveCfg = Debug|Any CPU
		{A32CE04F-72A9-401B-A8FB-C119D2351864}.Debug|iPhoneSimulator.Build.0 = Debug|Any CPU
		{A32CE04F-72A9-401B-A8FB-C119D2351864}.Debug|iPhoneSimulator.Deploy.0 = Debug|Any CPU
		{A32CE04F-72A9-401B-A8FB-C119D2351864}.Debug|x64.ActiveCfg = Debug|Any CPU
		{A32CE04F-72A9-401B-A8FB-C119D2351864}.Debug|x64.Build.0 = Debug|Any CPU
		{A32CE04F-72A9-401B-A8FB-C119D2351864}.Debug|x64.Deploy.0 = Debug|Any CPU
		{A32CE04F-72A9-401B-A8FB-C119D2351864}.Debug|x86.ActiveCfg = Debug|Any CPU
		{A32CE04F-72A9-401B-A8FB-C119D2351864}.Debug|x86.Build.0 = Debug|Any CPU
		{A32CE04F-72A9-401B-A8FB-C119D2351864}.Debug|x86.Deploy.0 = Debug|Any CPU
		{A32CE04F-72A9-401B-A8FB-C119D2351864}.Release|Any CPU.ActiveCfg = Release|Any CPU
		{A32CE04F-72A9-401B-A8FB-C119D2351864}.Release|Any CPU.Build.0 = Release|Any CPU
		{A32CE04F-72A9-401B-A8FB-C119D2351864}.Release|Any CPU.Deploy.0 = Release|Any CPU
		{A32CE04F-72A9-401B-A8FB-C119D2351864}.Release|ARM.ActiveCfg = Release|Any CPU
		{A32CE04F-72A9-401B-A8FB-C119D2351864}.Release|ARM.Build.0 = Release|Any CPU
		{A32CE04F-72A9-401B-A8FB-C119D2351864}.Release|ARM.Deploy.0 = Release|Any CPU
		{A32CE04F-72A9-401B-A8FB-C119D2351864}.Release|iPhone.ActiveCfg = Release|Any CPU
		{A32CE04F-72A9-401B-A8FB-C119D2351864}.Release|iPhone.Build.0 = Release|Any CPU
		{A32CE04F-72A9-401B-A8FB-C119D2351864}.Release|iPhone.Deploy.0 = Release|Any CPU
		{A32CE04F-72A9-401B-A8FB-C119D2351864}.Release|iPhoneSimulator.ActiveCfg = Release|Any CPU
		{A32CE04F-72A9-401B-A8FB-C119D2351864}.Release|iPhoneSimulator.Build.0 = Release|Any CPU
		{A32CE04F-72A9-401B-A8FB-C119D2351864}.Release|iPhoneSimulator.Deploy.0 = Release|Any CPU
		{A32CE04F-72A9-401B-A8FB-C119D2351864}.Release|x64.ActiveCfg = Release|Any CPU
		{A32CE04F-72A9-401B-A8FB-C119D2351864}.Release|x64.Build.0 = Release|Any CPU
		{A32CE04F-72A9-401B-A8FB-C119D2351864}.Release|x64.Deploy.0 = Release|Any CPU
		{A32CE04F-72A9-401B-A8FB-C119D2351864}.Release|x86.ActiveCfg = Release|Any CPU
		{A32CE04F-72A9-401B-A8FB-C119D2351864}.Release|x86.Build.0 = Release|Any CPU
		{A32CE04F-72A9-401B-A8FB-C119D2351864}.Release|x86.Deploy.0 = Release|Any CPU
		{A32CE04F-72A9-401B-A8FB-C119D2351864}.Tests|Any CPU.ActiveCfg = Debug|Any CPU
		{A32CE04F-72A9-401B-A8FB-C119D2351864}.Tests|Any CPU.Build.0 = Debug|Any CPU
		{A32CE04F-72A9-401B-A8FB-C119D2351864}.Tests|ARM.ActiveCfg = Tests|Any CPU
		{A32CE04F-72A9-401B-A8FB-C119D2351864}.Tests|ARM.Build.0 = Tests|Any CPU
		{A32CE04F-72A9-401B-A8FB-C119D2351864}.Tests|iPhone.ActiveCfg = Tests|Any CPU
		{A32CE04F-72A9-401B-A8FB-C119D2351864}.Tests|iPhone.Build.0 = Tests|Any CPU
		{A32CE04F-72A9-401B-A8FB-C119D2351864}.Tests|iPhoneSimulator.ActiveCfg = Tests|Any CPU
		{A32CE04F-72A9-401B-A8FB-C119D2351864}.Tests|iPhoneSimulator.Build.0 = Tests|Any CPU
		{A32CE04F-72A9-401B-A8FB-C119D2351864}.Tests|x64.ActiveCfg = Tests|Any CPU
		{A32CE04F-72A9-401B-A8FB-C119D2351864}.Tests|x64.Build.0 = Tests|Any CPU
		{A32CE04F-72A9-401B-A8FB-C119D2351864}.Tests|x86.ActiveCfg = Tests|Any CPU
		{A32CE04F-72A9-401B-A8FB-C119D2351864}.Tests|x86.Build.0 = Tests|Any CPU
	EndGlobalSection
	GlobalSection(SolutionProperties) = preSolution
		HideSolutionNode = FALSE
	EndGlobalSection
	GlobalSection(ExtensibilityGlobals) = postSolution
		SolutionGuid = {C85C3484-D67E-410C-AB47-C60F0E7FEA2F}
	EndGlobalSection
EndGlobal
