
Microsoft Visual Studio Solution File, Format Version 12.00
# Visual Studio 15
VisualStudioVersion = 15.0.26730.12
MinimumVisualStudioVersion = 10.0.40219.1
Project("{FAE04EC0-301F-11D3-BF4B-00C04F79EFBC}") = "tagit.Android", "tagit\tagit.Android\tagit.Android.csproj", "{DAA7C153-9404-4644-AC9F-6575E5AFC906}"
EndProject
Project("{FAE04EC0-301F-11D3-BF4B-00C04F79EFBC}") = "tagit.UWP", "tagit\tagit.UWP\tagit.UWP.csproj", "{2BF1251B-BFE8-4B73-8029-70DE0A8C2199}"
EndProject
Project("{FAE04EC0-301F-11D3-BF4B-00C04F79EFBC}") = "tagit.iOS", "tagit\tagit.iOS\tagit.iOS.csproj", "{81D27B09-113A-4A97-9D38-978B7A5FEFC6}"
EndProject
Project("{FAE04EC0-301F-11D3-BF4B-00C04F79EFBC}") = "tagit.WebApi", "tagit.WebApi\tagit.WebApi.csproj", "{BF26CED4-6AB9-4E3D-9B3C-7FAB9BF1B753}"
EndProject
Project("{FAE04EC0-301F-11D3-BF4B-00C04F79EFBC}") = "tagit", "tagit\tagit\tagit.csproj", "{A69FDDBD-C4DB-49E2-9E3D-5E2DFBCDA8D3}"
EndProject
Global
	GlobalSection(SolutionConfigurationPlatforms) = preSolution
		Ad-Hoc|Any CPU = Ad-Hoc|Any CPU
		Ad-Hoc|ARM = Ad-Hoc|ARM
		Ad-Hoc|iPhone = Ad-Hoc|iPhone
		Ad-Hoc|iPhoneSimulator = Ad-Hoc|iPhoneSimulator
		Ad-Hoc|x64 = Ad-Hoc|x64
		Ad-Hoc|x86 = Ad-Hoc|x86
		AppStore|Any CPU = AppStore|Any CPU
		AppStore|ARM = AppStore|ARM
		AppStore|iPhone = AppStore|iPhone
		AppStore|iPhoneSimulator = AppStore|iPhoneSimulator
		AppStore|x64 = AppStore|x64
		AppStore|x86 = AppStore|x86
		Debug|Any CPU = Debug|Any CPU
		Debug|ARM = Debug|ARM
		Debug|iPhone = Debug|iPhone
		Debug|iPhoneSimulator = Debug|iPhoneSimulator
		Debug|x64 = Debug|x64
		Debug|x86 = Debug|x86
		Release|Any CPU = Release|Any CPU
		Release|ARM = Release|ARM
		Release|iPhone = Release|iPhone
		Release|iPhoneSimulator = Release|iPhoneSimulator
		Release|x64 = Release|x64
		Release|x86 = Release|x86
	EndGlobalSection
	GlobalSection(ProjectConfigurationPlatforms) = postSolution
		{DAA7C153-9404-4644-AC9F-6575E5AFC906}.Ad-Hoc|Any CPU.ActiveCfg = Release|Any CPU
		{DAA7C153-9404-4644-AC9F-6575E5AFC906}.Ad-Hoc|Any CPU.Build.0 = Release|Any CPU
		{DAA7C153-9404-4644-AC9F-6575E5AFC906}.Ad-Hoc|Any CPU.Deploy.0 = Release|Any CPU
		{DAA7C153-9404-4644-AC9F-6575E5AFC906}.Ad-Hoc|ARM.ActiveCfg = Release|Any CPU
		{DAA7C153-9404-4644-AC9F-6575E5AFC906}.Ad-Hoc|ARM.Build.0 = Release|Any CPU
		{DAA7C153-9404-4644-AC9F-6575E5AFC906}.Ad-Hoc|ARM.Deploy.0 = Release|Any CPU
		{DAA7C153-9404-4644-AC9F-6575E5AFC906}.Ad-Hoc|iPhone.ActiveCfg = Release|Any CPU
		{DAA7C153-9404-4644-AC9F-6575E5AFC906}.Ad-Hoc|iPhone.Build.0 = Release|Any CPU
		{DAA7C153-9404-4644-AC9F-6575E5AFC906}.Ad-Hoc|iPhone.Deploy.0 = Release|Any CPU
		{DAA7C153-9404-4644-AC9F-6575E5AFC906}.Ad-Hoc|iPhoneSimulator.ActiveCfg = Release|Any CPU
		{DAA7C153-9404-4644-AC9F-6575E5AFC906}.Ad-Hoc|iPhoneSimulator.Build.0 = Release|Any CPU
		{DAA7C153-9404-4644-AC9F-6575E5AFC906}.Ad-Hoc|iPhoneSimulator.Deploy.0 = Release|Any CPU
		{DAA7C153-9404-4644-AC9F-6575E5AFC906}.Ad-Hoc|x64.ActiveCfg = Release|Any CPU
		{DAA7C153-9404-4644-AC9F-6575E5AFC906}.Ad-Hoc|x64.Build.0 = Release|Any CPU
		{DAA7C153-9404-4644-AC9F-6575E5AFC906}.Ad-Hoc|x64.Deploy.0 = Release|Any CPU
		{DAA7C153-9404-4644-AC9F-6575E5AFC906}.Ad-Hoc|x86.ActiveCfg = Release|Any CPU
		{DAA7C153-9404-4644-AC9F-6575E5AFC906}.Ad-Hoc|x86.Build.0 = Release|Any CPU
		{DAA7C153-9404-4644-AC9F-6575E5AFC906}.Ad-Hoc|x86.Deploy.0 = Release|Any CPU
		{DAA7C153-9404-4644-AC9F-6575E5AFC906}.AppStore|Any CPU.ActiveCfg = Release|Any CPU
		{DAA7C153-9404-4644-AC9F-6575E5AFC906}.AppStore|Any CPU.Build.0 = Release|Any CPU
		{DAA7C153-9404-4644-AC9F-6575E5AFC906}.AppStore|Any CPU.Deploy.0 = Release|Any CPU
		{DAA7C153-9404-4644-AC9F-6575E5AFC906}.AppStore|ARM.ActiveCfg = Release|Any CPU
		{DAA7C153-9404-4644-AC9F-6575E5AFC906}.AppStore|ARM.Build.0 = Release|Any CPU
		{DAA7C153-9404-4644-AC9F-6575E5AFC906}.AppStore|ARM.Deploy.0 = Release|Any CPU
		{DAA7C153-9404-4644-AC9F-6575E5AFC906}.AppStore|iPhone.ActiveCfg = Release|Any CPU
		{DAA7C153-9404-4644-AC9F-6575E5AFC906}.AppStore|iPhone.Build.0 = Release|Any CPU
		{DAA7C153-9404-4644-AC9F-6575E5AFC906}.AppStore|iPhone.Deploy.0 = Release|Any CPU
		{DAA7C153-9404-4644-AC9F-6575E5AFC906}.AppStore|iPhoneSimulator.ActiveCfg = Release|Any CPU
		{DAA7C153-9404-4644-AC9F-6575E5AFC906}.AppStore|iPhoneSimulator.Build.0 = Release|Any CPU
		{DAA7C153-9404-4644-AC9F-6575E5AFC906}.AppStore|iPhoneSimulator.Deploy.0 = Release|Any CPU
		{DAA7C153-9404-4644-AC9F-6575E5AFC906}.AppStore|x64.ActiveCfg = Release|Any CPU
		{DAA7C153-9404-4644-AC9F-6575E5AFC906}.AppStore|x64.Build.0 = Release|Any CPU
		{DAA7C153-9404-4644-AC9F-6575E5AFC906}.AppStore|x64.Deploy.0 = Release|Any CPU
		{DAA7C153-9404-4644-AC9F-6575E5AFC906}.AppStore|x86.ActiveCfg = Release|Any CPU
		{DAA7C153-9404-4644-AC9F-6575E5AFC906}.AppStore|x86.Build.0 = Release|Any CPU
		{DAA7C153-9404-4644-AC9F-6575E5AFC906}.AppStore|x86.Deploy.0 = Release|Any CPU
		{DAA7C153-9404-4644-AC9F-6575E5AFC906}.Debug|Any CPU.ActiveCfg = Debug|Any CPU
		{DAA7C153-9404-4644-AC9F-6575E5AFC906}.Debug|Any CPU.Build.0 = Debug|Any CPU
		{DAA7C153-9404-4644-AC9F-6575E5AFC906}.Debug|Any CPU.Deploy.0 = Debug|Any CPU
		{DAA7C153-9404-4644-AC9F-6575E5AFC906}.Debug|ARM.ActiveCfg = Debug|Any CPU
		{DAA7C153-9404-4644-AC9F-6575E5AFC906}.Debug|ARM.Build.0 = Debug|Any CPU
		{DAA7C153-9404-4644-AC9F-6575E5AFC906}.Debug|ARM.Deploy.0 = Debug|Any CPU
		{DAA7C153-9404-4644-AC9F-6575E5AFC906}.Debug|iPhone.ActiveCfg = Debug|Any CPU
		{DAA7C153-9404-4644-AC9F-6575E5AFC906}.Debug|iPhone.Build.0 = Debug|Any CPU
		{DAA7C153-9404-4644-AC9F-6575E5AFC906}.Debug|iPhone.Deploy.0 = Debug|Any CPU
		{DAA7C153-9404-4644-AC9F-6575E5AFC906}.Debug|iPhoneSimulator.ActiveCfg = Debug|Any CPU
		{DAA7C153-9404-4644-AC9F-6575E5AFC906}.Debug|iPhoneSimulator.Build.0 = Debug|Any CPU
		{DAA7C153-9404-4644-AC9F-6575E5AFC906}.Debug|iPhoneSimulator.Deploy.0 = Debug|Any CPU
		{DAA7C153-9404-4644-AC9F-6575E5AFC906}.Debug|x64.ActiveCfg = Debug|Any CPU
		{DAA7C153-9404-4644-AC9F-6575E5AFC906}.Debug|x64.Build.0 = Debug|Any CPU
		{DAA7C153-9404-4644-AC9F-6575E5AFC906}.Debug|x64.Deploy.0 = Debug|Any CPU
		{DAA7C153-9404-4644-AC9F-6575E5AFC906}.Debug|x86.ActiveCfg = Debug|Any CPU
		{DAA7C153-9404-4644-AC9F-6575E5AFC906}.Debug|x86.Build.0 = Debug|Any CPU
		{DAA7C153-9404-4644-AC9F-6575E5AFC906}.Debug|x86.Deploy.0 = Debug|Any CPU
		{DAA7C153-9404-4644-AC9F-6575E5AFC906}.Release|Any CPU.ActiveCfg = Release|Any CPU
		{DAA7C153-9404-4644-AC9F-6575E5AFC906}.Release|Any CPU.Build.0 = Release|Any CPU
		{DAA7C153-9404-4644-AC9F-6575E5AFC906}.Release|Any CPU.Deploy.0 = Release|Any CPU
		{DAA7C153-9404-4644-AC9F-6575E5AFC906}.Release|ARM.ActiveCfg = Release|Any CPU
		{DAA7C153-9404-4644-AC9F-6575E5AFC906}.Release|ARM.Build.0 = Release|Any CPU
		{DAA7C153-9404-4644-AC9F-6575E5AFC906}.Release|ARM.Deploy.0 = Release|Any CPU
		{DAA7C153-9404-4644-AC9F-6575E5AFC906}.Release|iPhone.ActiveCfg = Release|Any CPU
		{DAA7C153-9404-4644-AC9F-6575E5AFC906}.Release|iPhone.Build.0 = Release|Any CPU
		{DAA7C153-9404-4644-AC9F-6575E5AFC906}.Release|iPhone.Deploy.0 = Release|Any CPU
		{DAA7C153-9404-4644-AC9F-6575E5AFC906}.Release|iPhoneSimulator.ActiveCfg = Release|Any CPU
		{DAA7C153-9404-4644-AC9F-6575E5AFC906}.Release|iPhoneSimulator.Build.0 = Release|Any CPU
		{DAA7C153-9404-4644-AC9F-6575E5AFC906}.Release|iPhoneSimulator.Deploy.0 = Release|Any CPU
		{DAA7C153-9404-4644-AC9F-6575E5AFC906}.Release|x64.ActiveCfg = Release|Any CPU
		{DAA7C153-9404-4644-AC9F-6575E5AFC906}.Release|x64.Build.0 = Release|Any CPU
		{DAA7C153-9404-4644-AC9F-6575E5AFC906}.Release|x64.Deploy.0 = Release|Any CPU
		{DAA7C153-9404-4644-AC9F-6575E5AFC906}.Release|x86.ActiveCfg = Release|Any CPU
		{DAA7C153-9404-4644-AC9F-6575E5AFC906}.Release|x86.Build.0 = Release|Any CPU
		{DAA7C153-9404-4644-AC9F-6575E5AFC906}.Release|x86.Deploy.0 = Release|Any CPU
		{2BF1251B-BFE8-4B73-8029-70DE0A8C2199}.Ad-Hoc|Any CPU.ActiveCfg = Release|x86
		{2BF1251B-BFE8-4B73-8029-70DE0A8C2199}.Ad-Hoc|Any CPU.Build.0 = Release|x86
		{2BF1251B-BFE8-4B73-8029-70DE0A8C2199}.Ad-Hoc|Any CPU.Deploy.0 = Release|x86
		{2BF1251B-BFE8-4B73-8029-70DE0A8C2199}.Ad-Hoc|ARM.ActiveCfg = Release|ARM
		{2BF1251B-BFE8-4B73-8029-70DE0A8C2199}.Ad-Hoc|ARM.Build.0 = Release|ARM
		{2BF1251B-BFE8-4B73-8029-70DE0A8C2199}.Ad-Hoc|ARM.Deploy.0 = Release|ARM
		{2BF1251B-BFE8-4B73-8029-70DE0A8C2199}.Ad-Hoc|iPhone.ActiveCfg = Release|x86
		{2BF1251B-BFE8-4B73-8029-70DE0A8C2199}.Ad-Hoc|iPhone.Build.0 = Release|x86
		{2BF1251B-BFE8-4B73-8029-70DE0A8C2199}.Ad-Hoc|iPhone.Deploy.0 = Release|x86
		{2BF1251B-BFE8-4B73-8029-70DE0A8C2199}.Ad-Hoc|iPhoneSimulator.ActiveCfg = Release|x86
		{2BF1251B-BFE8-4B73-8029-70DE0A8C2199}.Ad-Hoc|iPhoneSimulator.Build.0 = Release|x86
		{2BF1251B-BFE8-4B73-8029-70DE0A8C2199}.Ad-Hoc|iPhoneSimulator.Deploy.0 = Release|x86
		{2BF1251B-BFE8-4B73-8029-70DE0A8C2199}.Ad-Hoc|x64.ActiveCfg = Release|x64
		{2BF1251B-BFE8-4B73-8029-70DE0A8C2199}.Ad-Hoc|x64.Build.0 = Release|x64
		{2BF1251B-BFE8-4B73-8029-70DE0A8C2199}.Ad-Hoc|x64.Deploy.0 = Release|x64
		{2BF1251B-BFE8-4B73-8029-70DE0A8C2199}.Ad-Hoc|x86.ActiveCfg = Release|x86
		{2BF1251B-BFE8-4B73-8029-70DE0A8C2199}.Ad-Hoc|x86.Build.0 = Release|x86
		{2BF1251B-BFE8-4B73-8029-70DE0A8C2199}.Ad-Hoc|x86.Deploy.0 = Release|x86
		{2BF1251B-BFE8-4B73-8029-70DE0A8C2199}.AppStore|Any CPU.ActiveCfg = Release|x86
		{2BF1251B-BFE8-4B73-8029-70DE0A8C2199}.AppStore|Any CPU.Build.0 = Release|x86
		{2BF1251B-BFE8-4B73-8029-70DE0A8C2199}.AppStore|Any CPU.Deploy.0 = Release|x86
		{2BF1251B-BFE8-4B73-8029-70DE0A8C2199}.AppStore|ARM.ActiveCfg = Release|ARM
		{2BF1251B-BFE8-4B73-8029-70DE0A8C2199}.AppStore|ARM.Build.0 = Release|ARM
		{2BF1251B-BFE8-4B73-8029-70DE0A8C2199}.AppStore|ARM.Deploy.0 = Release|ARM
		{2BF1251B-BFE8-4B73-8029-70DE0A8C2199}.AppStore|iPhone.ActiveCfg = Release|x86
		{2BF1251B-BFE8-4B73-8029-70DE0A8C2199}.AppStore|iPhone.Build.0 = Release|x86
		{2BF1251B-BFE8-4B73-8029-70DE0A8C2199}.AppStore|iPhone.Deploy.0 = Release|x86
		{2BF1251B-BFE8-4B73-8029-70DE0A8C2199}.AppStore|iPhoneSimulator.ActiveCfg = Release|x86
		{2BF1251B-BFE8-4B73-8029-70DE0A8C2199}.AppStore|iPhoneSimulator.Build.0 = Release|x86
		{2BF1251B-BFE8-4B73-8029-70DE0A8C2199}.AppStore|iPhoneSimulator.Deploy.0 = Release|x86
		{2BF1251B-BFE8-4B73-8029-70DE0A8C2199}.AppStore|x64.ActiveCfg = Release|x64
		{2BF1251B-BFE8-4B73-8029-70DE0A8C2199}.AppStore|x64.Build.0 = Release|x64
		{2BF1251B-BFE8-4B73-8029-70DE0A8C2199}.AppStore|x64.Deploy.0 = Release|x64
		{2BF1251B-BFE8-4B73-8029-70DE0A8C2199}.AppStore|x86.ActiveCfg = Release|x86
		{2BF1251B-BFE8-4B73-8029-70DE0A8C2199}.AppStore|x86.Build.0 = Release|x86
		{2BF1251B-BFE8-4B73-8029-70DE0A8C2199}.AppStore|x86.Deploy.0 = Release|x86
		{2BF1251B-BFE8-4B73-8029-70DE0A8C2199}.Debug|Any CPU.ActiveCfg = Debug|x86
		{2BF1251B-BFE8-4B73-8029-70DE0A8C2199}.Debug|ARM.ActiveCfg = Debug|ARM
		{2BF1251B-BFE8-4B73-8029-70DE0A8C2199}.Debug|ARM.Build.0 = Debug|ARM
		{2BF1251B-BFE8-4B73-8029-70DE0A8C2199}.Debug|ARM.Deploy.0 = Debug|ARM
		{2BF1251B-BFE8-4B73-8029-70DE0A8C2199}.Debug|iPhone.ActiveCfg = Debug|x86
		{2BF1251B-BFE8-4B73-8029-70DE0A8C2199}.Debug|iPhoneSimulator.ActiveCfg = Debug|x86
		{2BF1251B-BFE8-4B73-8029-70DE0A8C2199}.Debug|x64.ActiveCfg = Debug|x64
		{2BF1251B-BFE8-4B73-8029-70DE0A8C2199}.Debug|x64.Build.0 = Debug|x64
		{2BF1251B-BFE8-4B73-8029-70DE0A8C2199}.Debug|x64.Deploy.0 = Debug|x64
		{2BF1251B-BFE8-4B73-8029-70DE0A8C2199}.Debug|x86.ActiveCfg = Debug|x86
		{2BF1251B-BFE8-4B73-8029-70DE0A8C2199}.Debug|x86.Build.0 = Debug|x86
		{2BF1251B-BFE8-4B73-8029-70DE0A8C2199}.Debug|x86.Deploy.0 = Debug|x86
		{2BF1251B-BFE8-4B73-8029-70DE0A8C2199}.Release|Any CPU.ActiveCfg = Release|x86
		{2BF1251B-BFE8-4B73-8029-70DE0A8C2199}.Release|ARM.ActiveCfg = Release|ARM
		{2BF1251B-BFE8-4B73-8029-70DE0A8C2199}.Release|ARM.Build.0 = Release|ARM
		{2BF1251B-BFE8-4B73-8029-70DE0A8C2199}.Release|ARM.Deploy.0 = Release|ARM
		{2BF1251B-BFE8-4B73-8029-70DE0A8C2199}.Release|iPhone.ActiveCfg = Release|x86
		{2BF1251B-BFE8-4B73-8029-70DE0A8C2199}.Release|iPhoneSimulator.ActiveCfg = Release|x86
		{2BF1251B-BFE8-4B73-8029-70DE0A8C2199}.Release|x64.ActiveCfg = Release|x64
		{2BF1251B-BFE8-4B73-8029-70DE0A8C2199}.Release|x64.Build.0 = Release|x64
		{2BF1251B-BFE8-4B73-8029-70DE0A8C2199}.Release|x64.Deploy.0 = Release|x64
		{2BF1251B-BFE8-4B73-8029-70DE0A8C2199}.Release|x86.ActiveCfg = Release|x86
		{2BF1251B-BFE8-4B73-8029-70DE0A8C2199}.Release|x86.Build.0 = Release|x86
		{2BF1251B-BFE8-4B73-8029-70DE0A8C2199}.Release|x86.Deploy.0 = Release|x86
		{81D27B09-113A-4A97-9D38-978B7A5FEFC6}.Ad-Hoc|Any CPU.ActiveCfg = Ad-Hoc|iPhone
		{81D27B09-113A-4A97-9D38-978B7A5FEFC6}.Ad-Hoc|ARM.ActiveCfg = Ad-Hoc|iPhone
		{81D27B09-113A-4A97-9D38-978B7A5FEFC6}.Ad-Hoc|iPhone.ActiveCfg = Ad-Hoc|iPhone
		{81D27B09-113A-4A97-9D38-978B7A5FEFC6}.Ad-Hoc|iPhone.Build.0 = Ad-Hoc|iPhone
		{81D27B09-113A-4A97-9D38-978B7A5FEFC6}.Ad-Hoc|iPhoneSimulator.ActiveCfg = Ad-Hoc|iPhoneSimulator
		{81D27B09-113A-4A97-9D38-978B7A5FEFC6}.Ad-Hoc|iPhoneSimulator.Build.0 = Ad-Hoc|iPhoneSimulator
		{81D27B09-113A-4A97-9D38-978B7A5FEFC6}.Ad-Hoc|x64.ActiveCfg = Ad-Hoc|iPhone
		{81D27B09-113A-4A97-9D38-978B7A5FEFC6}.Ad-Hoc|x86.ActiveCfg = Ad-Hoc|iPhone
		{81D27B09-113A-4A97-9D38-978B7A5FEFC6}.AppStore|Any CPU.ActiveCfg = AppStore|iPhone
		{81D27B09-113A-4A97-9D38-978B7A5FEFC6}.AppStore|ARM.ActiveCfg = AppStore|iPhone
		{81D27B09-113A-4A97-9D38-978B7A5FEFC6}.AppStore|iPhone.ActiveCfg = AppStore|iPhone
		{81D27B09-113A-4A97-9D38-978B7A5FEFC6}.AppStore|iPhone.Build.0 = AppStore|iPhone
		{81D27B09-113A-4A97-9D38-978B7A5FEFC6}.AppStore|iPhoneSimulator.ActiveCfg = AppStore|iPhoneSimulator
		{81D27B09-113A-4A97-9D38-978B7A5FEFC6}.AppStore|iPhoneSimulator.Build.0 = AppStore|iPhoneSimulator
		{81D27B09-113A-4A97-9D38-978B7A5FEFC6}.AppStore|x64.ActiveCfg = AppStore|iPhone
		{81D27B09-113A-4A97-9D38-978B7A5FEFC6}.AppStore|x86.ActiveCfg = AppStore|iPhone
		{81D27B09-113A-4A97-9D38-978B7A5FEFC6}.Debug|Any CPU.ActiveCfg = Debug|iPhone
		{81D27B09-113A-4A97-9D38-978B7A5FEFC6}.Debug|ARM.ActiveCfg = Debug|iPhone
		{81D27B09-113A-4A97-9D38-978B7A5FEFC6}.Debug|iPhone.ActiveCfg = Debug|iPhone
		{81D27B09-113A-4A97-9D38-978B7A5FEFC6}.Debug|iPhone.Build.0 = Debug|iPhone
		{81D27B09-113A-4A97-9D38-978B7A5FEFC6}.Debug|iPhoneSimulator.ActiveCfg = Debug|iPhoneSimulator
		{81D27B09-113A-4A97-9D38-978B7A5FEFC6}.Debug|iPhoneSimulator.Build.0 = Debug|iPhoneSimulator
		{81D27B09-113A-4A97-9D38-978B7A5FEFC6}.Debug|x64.ActiveCfg = Debug|iPhone
		{81D27B09-113A-4A97-9D38-978B7A5FEFC6}.Debug|x86.ActiveCfg = Debug|iPhone
		{81D27B09-113A-4A97-9D38-978B7A5FEFC6}.Release|Any CPU.ActiveCfg = Release|iPhone
		{81D27B09-113A-4A97-9D38-978B7A5FEFC6}.Release|ARM.ActiveCfg = Release|iPhone
		{81D27B09-113A-4A97-9D38-978B7A5FEFC6}.Release|iPhone.ActiveCfg = Release|iPhone
		{81D27B09-113A-4A97-9D38-978B7A5FEFC6}.Release|iPhone.Build.0 = Release|iPhone
		{81D27B09-113A-4A97-9D38-978B7A5FEFC6}.Release|iPhoneSimulator.ActiveCfg = Release|iPhoneSimulator
		{81D27B09-113A-4A97-9D38-978B7A5FEFC6}.Release|iPhoneSimulator.Build.0 = Release|iPhoneSimulator
		{81D27B09-113A-4A97-9D38-978B7A5FEFC6}.Release|x64.ActiveCfg = Release|iPhone
		{81D27B09-113A-4A97-9D38-978B7A5FEFC6}.Release|x86.ActiveCfg = Release|iPhone
		{BF26CED4-6AB9-4E3D-9B3C-7FAB9BF1B753}.Ad-Hoc|Any CPU.ActiveCfg = Release|Any CPU
		{BF26CED4-6AB9-4E3D-9B3C-7FAB9BF1B753}.Ad-Hoc|Any CPU.Build.0 = Release|Any CPU
		{BF26CED4-6AB9-4E3D-9B3C-7FAB9BF1B753}.Ad-Hoc|ARM.ActiveCfg = Release|Any CPU
		{BF26CED4-6AB9-4E3D-9B3C-7FAB9BF1B753}.Ad-Hoc|ARM.Build.0 = Release|Any CPU
		{BF26CED4-6AB9-4E3D-9B3C-7FAB9BF1B753}.Ad-Hoc|iPhone.ActiveCfg = Release|Any CPU
		{BF26CED4-6AB9-4E3D-9B3C-7FAB9BF1B753}.Ad-Hoc|iPhone.Build.0 = Release|Any CPU
		{BF26CED4-6AB9-4E3D-9B3C-7FAB9BF1B753}.Ad-Hoc|iPhoneSimulator.ActiveCfg = Release|Any CPU
		{BF26CED4-6AB9-4E3D-9B3C-7FAB9BF1B753}.Ad-Hoc|iPhoneSimulator.Build.0 = Release|Any CPU
		{BF26CED4-6AB9-4E3D-9B3C-7FAB9BF1B753}.Ad-Hoc|x64.ActiveCfg = Release|Any CPU
		{BF26CED4-6AB9-4E3D-9B3C-7FAB9BF1B753}.Ad-Hoc|x64.Build.0 = Release|Any CPU
		{BF26CED4-6AB9-4E3D-9B3C-7FAB9BF1B753}.Ad-Hoc|x86.ActiveCfg = Release|Any CPU
		{BF26CED4-6AB9-4E3D-9B3C-7FAB9BF1B753}.Ad-Hoc|x86.Build.0 = Release|Any CPU
		{BF26CED4-6AB9-4E3D-9B3C-7FAB9BF1B753}.AppStore|Any CPU.ActiveCfg = Release|Any CPU
		{BF26CED4-6AB9-4E3D-9B3C-7FAB9BF1B753}.AppStore|Any CPU.Build.0 = Release|Any CPU
		{BF26CED4-6AB9-4E3D-9B3C-7FAB9BF1B753}.AppStore|ARM.ActiveCfg = Release|Any CPU
		{BF26CED4-6AB9-4E3D-9B3C-7FAB9BF1B753}.AppStore|ARM.Build.0 = Release|Any CPU
		{BF26CED4-6AB9-4E3D-9B3C-7FAB9BF1B753}.AppStore|iPhone.ActiveCfg = Release|Any CPU
		{BF26CED4-6AB9-4E3D-9B3C-7FAB9BF1B753}.AppStore|iPhone.Build.0 = Release|Any CPU
		{BF26CED4-6AB9-4E3D-9B3C-7FAB9BF1B753}.AppStore|iPhoneSimulator.ActiveCfg = Release|Any CPU
		{BF26CED4-6AB9-4E3D-9B3C-7FAB9BF1B753}.AppStore|iPhoneSimulator.Build.0 = Release|Any CPU
		{BF26CED4-6AB9-4E3D-9B3C-7FAB9BF1B753}.AppStore|x64.ActiveCfg = Release|Any CPU
		{BF26CED4-6AB9-4E3D-9B3C-7FAB9BF1B753}.AppStore|x64.Build.0 = Release|Any CPU
		{BF26CED4-6AB9-4E3D-9B3C-7FAB9BF1B753}.AppStore|x86.ActiveCfg = Release|Any CPU
		{BF26CED4-6AB9-4E3D-9B3C-7FAB9BF1B753}.AppStore|x86.Build.0 = Release|Any CPU
		{BF26CED4-6AB9-4E3D-9B3C-7FAB9BF1B753}.Debug|Any CPU.ActiveCfg = Debug|Any CPU
		{BF26CED4-6AB9-4E3D-9B3C-7FAB9BF1B753}.Debug|Any CPU.Build.0 = Debug|Any CPU
		{BF26CED4-6AB9-4E3D-9B3C-7FAB9BF1B753}.Debug|ARM.ActiveCfg = Debug|Any CPU
		{BF26CED4-6AB9-4E3D-9B3C-7FAB9BF1B753}.Debug|ARM.Build.0 = Debug|Any CPU
		{BF26CED4-6AB9-4E3D-9B3C-7FAB9BF1B753}.Debug|iPhone.ActiveCfg = Debug|Any CPU
		{BF26CED4-6AB9-4E3D-9B3C-7FAB9BF1B753}.Debug|iPhone.Build.0 = Debug|Any CPU
		{BF26CED4-6AB9-4E3D-9B3C-7FAB9BF1B753}.Debug|iPhoneSimulator.ActiveCfg = Debug|Any CPU
		{BF26CED4-6AB9-4E3D-9B3C-7FAB9BF1B753}.Debug|iPhoneSimulator.Build.0 = Debug|Any CPU
		{BF26CED4-6AB9-4E3D-9B3C-7FAB9BF1B753}.Debug|x64.ActiveCfg = Debug|Any CPU
		{BF26CED4-6AB9-4E3D-9B3C-7FAB9BF1B753}.Debug|x64.Build.0 = Debug|Any CPU
		{BF26CED4-6AB9-4E3D-9B3C-7FAB9BF1B753}.Debug|x86.ActiveCfg = Debug|Any CPU
		{BF26CED4-6AB9-4E3D-9B3C-7FAB9BF1B753}.Debug|x86.Build.0 = Debug|Any CPU
		{BF26CED4-6AB9-4E3D-9B3C-7FAB9BF1B753}.Release|Any CPU.ActiveCfg = Release|Any CPU
		{BF26CED4-6AB9-4E3D-9B3C-7FAB9BF1B753}.Release|Any CPU.Build.0 = Release|Any CPU
		{BF26CED4-6AB9-4E3D-9B3C-7FAB9BF1B753}.Release|ARM.ActiveCfg = Release|Any CPU
		{BF26CED4-6AB9-4E3D-9B3C-7FAB9BF1B753}.Release|ARM.Build.0 = Release|Any CPU
		{BF26CED4-6AB9-4E3D-9B3C-7FAB9BF1B753}.Release|iPhone.ActiveCfg = Release|Any CPU
		{BF26CED4-6AB9-4E3D-9B3C-7FAB9BF1B753}.Release|iPhone.Build.0 = Release|Any CPU
		{BF26CED4-6AB9-4E3D-9B3C-7FAB9BF1B753}.Release|iPhoneSimulator.ActiveCfg = Release|Any CPU
		{BF26CED4-6AB9-4E3D-9B3C-7FAB9BF1B753}.Release|iPhoneSimulator.Build.0 = Release|Any CPU
		{BF26CED4-6AB9-4E3D-9B3C-7FAB9BF1B753}.Release|x64.ActiveCfg = Release|Any CPU
		{BF26CED4-6AB9-4E3D-9B3C-7FAB9BF1B753}.Release|x64.Build.0 = Release|Any CPU
		{BF26CED4-6AB9-4E3D-9B3C-7FAB9BF1B753}.Release|x86.ActiveCfg = Release|Any CPU
		{BF26CED4-6AB9-4E3D-9B3C-7FAB9BF1B753}.Release|x86.Build.0 = Release|Any CPU
		{A69FDDBD-C4DB-49E2-9E3D-5E2DFBCDA8D3}.Ad-Hoc|Any CPU.ActiveCfg = Debug|Any CPU
		{A69FDDBD-C4DB-49E2-9E3D-5E2DFBCDA8D3}.Ad-Hoc|Any CPU.Build.0 = Debug|Any CPU
		{A69FDDBD-C4DB-49E2-9E3D-5E2DFBCDA8D3}.Ad-Hoc|ARM.ActiveCfg = Debug|Any CPU
		{A69FDDBD-C4DB-49E2-9E3D-5E2DFBCDA8D3}.Ad-Hoc|ARM.Build.0 = Debug|Any CPU
		{A69FDDBD-C4DB-49E2-9E3D-5E2DFBCDA8D3}.Ad-Hoc|iPhone.ActiveCfg = Debug|Any CPU
		{A69FDDBD-C4DB-49E2-9E3D-5E2DFBCDA8D3}.Ad-Hoc|iPhone.Build.0 = Debug|Any CPU
		{A69FDDBD-C4DB-49E2-9E3D-5E2DFBCDA8D3}.Ad-Hoc|iPhoneSimulator.ActiveCfg = Debug|Any CPU
		{A69FDDBD-C4DB-49E2-9E3D-5E2DFBCDA8D3}.Ad-Hoc|iPhoneSimulator.Build.0 = Debug|Any CPU
		{A69FDDBD-C4DB-49E2-9E3D-5E2DFBCDA8D3}.Ad-Hoc|x64.ActiveCfg = Debug|Any CPU
		{A69FDDBD-C4DB-49E2-9E3D-5E2DFBCDA8D3}.Ad-Hoc|x64.Build.0 = Debug|Any CPU
		{A69FDDBD-C4DB-49E2-9E3D-5E2DFBCDA8D3}.Ad-Hoc|x86.ActiveCfg = Debug|Any CPU
		{A69FDDBD-C4DB-49E2-9E3D-5E2DFBCDA8D3}.Ad-Hoc|x86.Build.0 = Debug|Any CPU
		{A69FDDBD-C4DB-49E2-9E3D-5E2DFBCDA8D3}.AppStore|Any CPU.ActiveCfg = Debug|Any CPU
		{A69FDDBD-C4DB-49E2-9E3D-5E2DFBCDA8D3}.AppStore|Any CPU.Build.0 = Debug|Any CPU
		{A69FDDBD-C4DB-49E2-9E3D-5E2DFBCDA8D3}.AppStore|ARM.ActiveCfg = Debug|Any CPU
		{A69FDDBD-C4DB-49E2-9E3D-5E2DFBCDA8D3}.AppStore|ARM.Build.0 = Debug|Any CPU
		{A69FDDBD-C4DB-49E2-9E3D-5E2DFBCDA8D3}.AppStore|iPhone.ActiveCfg = Debug|Any CPU
		{A69FDDBD-C4DB-49E2-9E3D-5E2DFBCDA8D3}.AppStore|iPhone.Build.0 = Debug|Any CPU
		{A69FDDBD-C4DB-49E2-9E3D-5E2DFBCDA8D3}.AppStore|iPhoneSimulator.ActiveCfg = Debug|Any CPU
		{A69FDDBD-C4DB-49E2-9E3D-5E2DFBCDA8D3}.AppStore|iPhoneSimulator.Build.0 = Debug|Any CPU
		{A69FDDBD-C4DB-49E2-9E3D-5E2DFBCDA8D3}.AppStore|x64.ActiveCfg = Debug|Any CPU
		{A69FDDBD-C4DB-49E2-9E3D-5E2DFBCDA8D3}.AppStore|x64.Build.0 = Debug|Any CPU
		{A69FDDBD-C4DB-49E2-9E3D-5E2DFBCDA8D3}.AppStore|x86.ActiveCfg = Debug|Any CPU
		{A69FDDBD-C4DB-49E2-9E3D-5E2DFBCDA8D3}.AppStore|x86.Build.0 = Debug|Any CPU
		{A69FDDBD-C4DB-49E2-9E3D-5E2DFBCDA8D3}.Debug|Any CPU.ActiveCfg = Debug|Any CPU
		{A69FDDBD-C4DB-49E2-9E3D-5E2DFBCDA8D3}.Debug|Any CPU.Build.0 = Debug|Any CPU
		{A69FDDBD-C4DB-49E2-9E3D-5E2DFBCDA8D3}.Debug|ARM.ActiveCfg = Debug|Any CPU
		{A69FDDBD-C4DB-49E2-9E3D-5E2DFBCDA8D3}.Debug|ARM.Build.0 = Debug|Any CPU
		{A69FDDBD-C4DB-49E2-9E3D-5E2DFBCDA8D3}.Debug|iPhone.ActiveCfg = Debug|Any CPU
		{A69FDDBD-C4DB-49E2-9E3D-5E2DFBCDA8D3}.Debug|iPhone.Build.0 = Debug|Any CPU
		{A69FDDBD-C4DB-49E2-9E3D-5E2DFBCDA8D3}.Debug|iPhoneSimulator.ActiveCfg = Debug|Any CPU
		{A69FDDBD-C4DB-49E2-9E3D-5E2DFBCDA8D3}.Debug|iPhoneSimulator.Build.0 = Debug|Any CPU
		{A69FDDBD-C4DB-49E2-9E3D-5E2DFBCDA8D3}.Debug|x64.ActiveCfg = Debug|Any CPU
		{A69FDDBD-C4DB-49E2-9E3D-5E2DFBCDA8D3}.Debug|x64.Build.0 = Debug|Any CPU
		{A69FDDBD-C4DB-49E2-9E3D-5E2DFBCDA8D3}.Debug|x86.ActiveCfg = Debug|Any CPU
		{A69FDDBD-C4DB-49E2-9E3D-5E2DFBCDA8D3}.Debug|x86.Build.0 = Debug|Any CPU
		{A69FDDBD-C4DB-49E2-9E3D-5E2DFBCDA8D3}.Release|Any CPU.ActiveCfg = Release|Any CPU
		{A69FDDBD-C4DB-49E2-9E3D-5E2DFBCDA8D3}.Release|Any CPU.Build.0 = Release|Any CPU
		{A69FDDBD-C4DB-49E2-9E3D-5E2DFBCDA8D3}.Release|ARM.ActiveCfg = Release|Any CPU
		{A69FDDBD-C4DB-49E2-9E3D-5E2DFBCDA8D3}.Release|ARM.Build.0 = Release|Any CPU
		{A69FDDBD-C4DB-49E2-9E3D-5E2DFBCDA8D3}.Release|iPhone.ActiveCfg = Release|Any CPU
		{A69FDDBD-C4DB-49E2-9E3D-5E2DFBCDA8D3}.Release|iPhone.Build.0 = Release|Any CPU
		{A69FDDBD-C4DB-49E2-9E3D-5E2DFBCDA8D3}.Release|iPhoneSimulator.ActiveCfg = Release|Any CPU
		{A69FDDBD-C4DB-49E2-9E3D-5E2DFBCDA8D3}.Release|iPhoneSimulator.Build.0 = Release|Any CPU
		{A69FDDBD-C4DB-49E2-9E3D-5E2DFBCDA8D3}.Release|x64.ActiveCfg = Release|Any CPU
		{A69FDDBD-C4DB-49E2-9E3D-5E2DFBCDA8D3}.Release|x64.Build.0 = Release|Any CPU
		{A69FDDBD-C4DB-49E2-9E3D-5E2DFBCDA8D3}.Release|x86.ActiveCfg = Release|Any CPU
		{A69FDDBD-C4DB-49E2-9E3D-5E2DFBCDA8D3}.Release|x86.Build.0 = Release|Any CPU
	EndGlobalSection
	GlobalSection(SolutionProperties) = preSolution
		HideSolutionNode = FALSE
	EndGlobalSection
	GlobalSection(ExtensibilityGlobals) = postSolution
		SolutionGuid = {98396528-CAAF-43C4-A76D-7376E4EB85A0}
	EndGlobalSection
EndGlobal
